Microsoft Visual Studio Solution File, Format Version 12.00
# Visual Studio 14
VisualStudioVersion = 14.0.25123.0
MinimumVisualStudioVersion = 10.0.40219.1
Project("{FAE04EC0-301F-11D3-BF4B-00C04F79EFBC}") = "ImagingSIMS", "MainApplication\ImagingSIMS.csproj", "{C8607D70-6003-4737-9BC7-CF1314073879}"
EndProject
Project("{FAE04EC0-301F-11D3-BF4B-00C04F79EFBC}") = "Console", "Console\Console.csproj", "{5956AF1B-97E8-4EEB-B04D-9D248F000DD3}"
EndProject
Project("{FAE04EC0-301F-11D3-BF4B-00C04F79EFBC}") = "Direct3DRendering", "Direct3DRendering\Direct3DRendering.csproj", "{02D83723-3D19-4C12-BA5E-80330F6248C4}"
EndProject
Project("{8BC9CEB8-8B4A-11D0-8D11-00A0C91BC942}") = "ALL_BUILD", "ITKImageRegistration\ALL_BUILD.vcxproj", "{27CE45E2-C622-4F25-A664-73CE6D0D34D8}"
	ProjectSection(ProjectDependencies) = postProject
		{ACA975F0-B998-445C-B538-1A66E40D89A6} = {ACA975F0-B998-445C-B538-1A66E40D89A6}
		{78C20DAC-1D9A-4ABB-ACF6-00A297D2DDE9} = {78C20DAC-1D9A-4ABB-ACF6-00A297D2DDE9}
	EndProjectSection
EndProject
Project("{8BC9CEB8-8B4A-11D0-8D11-00A0C91BC942}") = "ITKImageRegistration", "ITKImageRegistration\ITKImageRegistration.vcxproj", "{ACA975F0-B998-445C-B538-1A66E40D89A6}"
	ProjectSection(ProjectDependencies) = postProject
		{78C20DAC-1D9A-4ABB-ACF6-00A297D2DDE9} = {78C20DAC-1D9A-4ABB-ACF6-00A297D2DDE9}
	EndProjectSection
EndProject
Project("{8BC9CEB8-8B4A-11D0-8D11-00A0C91BC942}") = "ZERO_CHECK", "ITKImageRegistration\ZERO_CHECK.vcxproj", "{78C20DAC-1D9A-4ABB-ACF6-00A297D2DDE9}"
EndProject
Project("{FAE04EC0-301F-11D3-BF4B-00C04F79EFBC}") = "ImageRegistration", "ImageRegistration\ImageRegistration.csproj", "{3AA5AA48-1C06-45CA-9590-460357DAB41E}"
EndProject
Project("{FAE04EC0-301F-11D3-BF4B-00C04F79EFBC}") = "Direct3DEffectCompiler", "Direct3DEffectCompiler\Direct3DEffectCompiler.csproj", "{C0FD607D-3D15-428A-83E3-E04F1FE1F5B9}"
EndProject
Project("{FAE04EC0-301F-11D3-BF4B-00C04F79EFBC}") = "Common", "Common\Common.csproj", "{3366D52F-103D-4930-AE32-8DCCC3E85A83}"
EndProject
Project("{FAE04EC0-301F-11D3-BF4B-00C04F79EFBC}") = "Controls", "Controls\Controls.csproj", "{FEA59AA7-DCDD-41BE-85DA-85B091D55CF4}"
EndProject
Project("{FAE04EC0-301F-11D3-BF4B-00C04F79EFBC}") = "Data", "Data\Data.csproj", "{E095BA5D-B020-4056-B4D4-BCBA59208616}"
EndProject
Project("{888888A0-9F3D-457C-B088-3A5042F75D52}") = "Python", "Python\Python.pyproj", "{70070E3D-6896-4DD3-B7AA-BE5052C57E2B}"
EndProject
Global
	GlobalSection(SolutionConfigurationPlatforms) = preSolution
		Debug_with_Device|Any CPU = Debug_with_Device|Any CPU
		Debug_with_Device|ARM = Debug_with_Device|ARM
		Debug_with_Device|Mixed Platforms = Debug_with_Device|Mixed Platforms
		Debug_with_Device|Win32 = Debug_with_Device|Win32
		Debug_with_Device|x64 = Debug_with_Device|x64
		Debug_with_Device|x86 = Debug_with_Device|x86
		Debug|Any CPU = Debug|Any CPU
		Debug|ARM = Debug|ARM
		Debug|Mixed Platforms = Debug|Mixed Platforms
		Debug|Win32 = Debug|Win32
		Debug|x64 = Debug|x64
		Debug|x86 = Debug|x86
		MinSizeRel|Any CPU = MinSizeRel|Any CPU
		MinSizeRel|ARM = MinSizeRel|ARM
		MinSizeRel|Mixed Platforms = MinSizeRel|Mixed Platforms
		MinSizeRel|Win32 = MinSizeRel|Win32
		MinSizeRel|x64 = MinSizeRel|x64
		MinSizeRel|x86 = MinSizeRel|x86
		Release|Any CPU = Release|Any CPU
		Release|ARM = Release|ARM
		Release|Mixed Platforms = Release|Mixed Platforms
		Release|Win32 = Release|Win32
		Release|x64 = Release|x64
		Release|x86 = Release|x86
		RelWithDebInfo|Any CPU = RelWithDebInfo|Any CPU
		RelWithDebInfo|ARM = RelWithDebInfo|ARM
		RelWithDebInfo|Mixed Platforms = RelWithDebInfo|Mixed Platforms
		RelWithDebInfo|Win32 = RelWithDebInfo|Win32
		RelWithDebInfo|x64 = RelWithDebInfo|x64
		RelWithDebInfo|x86 = RelWithDebInfo|x86
		SingleImage_x64|Any CPU = SingleImage_x64|Any CPU
		SingleImage_x64|ARM = SingleImage_x64|ARM
		SingleImage_x64|Mixed Platforms = SingleImage_x64|Mixed Platforms
		SingleImage_x64|Win32 = SingleImage_x64|Win32
		SingleImage_x64|x64 = SingleImage_x64|x64
		SingleImage_x64|x86 = SingleImage_x64|x86
	EndGlobalSection
	GlobalSection(ProjectConfigurationPlatforms) = postSolution
		{C8607D70-6003-4737-9BC7-CF1314073879}.Debug_with_Device|Any CPU.ActiveCfg = Debug_with_Device|Any CPU
		{C8607D70-6003-4737-9BC7-CF1314073879}.Debug_with_Device|Any CPU.Build.0 = Debug_with_Device|Any CPU
		{C8607D70-6003-4737-9BC7-CF1314073879}.Debug_with_Device|ARM.ActiveCfg = Debug_with_Device|Any CPU
		{C8607D70-6003-4737-9BC7-CF1314073879}.Debug_with_Device|ARM.Build.0 = Debug_with_Device|Any CPU
		{C8607D70-6003-4737-9BC7-CF1314073879}.Debug_with_Device|Mixed Platforms.ActiveCfg = Debug_with_Device|Any CPU
		{C8607D70-6003-4737-9BC7-CF1314073879}.Debug_with_Device|Mixed Platforms.Build.0 = Debug_with_Device|Any CPU
		{C8607D70-6003-4737-9BC7-CF1314073879}.Debug_with_Device|Win32.ActiveCfg = Debug_with_Device|Any CPU
		{C8607D70-6003-4737-9BC7-CF1314073879}.Debug_with_Device|Win32.Build.0 = Debug_with_Device|Any CPU
		{C8607D70-6003-4737-9BC7-CF1314073879}.Debug_with_Device|x64.ActiveCfg = Debug_with_Device|Any CPU
		{C8607D70-6003-4737-9BC7-CF1314073879}.Debug_with_Device|x64.Build.0 = Debug_with_Device|Any CPU
		{C8607D70-6003-4737-9BC7-CF1314073879}.Debug_with_Device|x86.ActiveCfg = Debug_with_Device|Any CPU
		{C8607D70-6003-4737-9BC7-CF1314073879}.Debug_with_Device|x86.Build.0 = Debug_with_Device|Any CPU
		{C8607D70-6003-4737-9BC7-CF1314073879}.Debug|Any CPU.ActiveCfg = Debug|Any CPU
		{C8607D70-6003-4737-9BC7-CF1314073879}.Debug|Any CPU.Build.0 = Debug|Any CPU
		{C8607D70-6003-4737-9BC7-CF1314073879}.Debug|ARM.ActiveCfg = Debug|Any CPU
		{C8607D70-6003-4737-9BC7-CF1314073879}.Debug|Mixed Platforms.ActiveCfg = Debug|Any CPU
		{C8607D70-6003-4737-9BC7-CF1314073879}.Debug|Mixed Platforms.Build.0 = Debug|Any CPU
		{C8607D70-6003-4737-9BC7-CF1314073879}.Debug|Win32.ActiveCfg = Debug|Any CPU
		{C8607D70-6003-4737-9BC7-CF1314073879}.Debug|x64.ActiveCfg = Debug|Any CPU
		{C8607D70-6003-4737-9BC7-CF1314073879}.Debug|x86.ActiveCfg = Debug|Any CPU
		{C8607D70-6003-4737-9BC7-CF1314073879}.MinSizeRel|Any CPU.ActiveCfg = Release|Any CPU
		{C8607D70-6003-4737-9BC7-CF1314073879}.MinSizeRel|Any CPU.Build.0 = Release|Any CPU
		{C8607D70-6003-4737-9BC7-CF1314073879}.MinSizeRel|ARM.ActiveCfg = Release|Any CPU
		{C8607D70-6003-4737-9BC7-CF1314073879}.MinSizeRel|Mixed Platforms.ActiveCfg = Release|Any CPU
		{C8607D70-6003-4737-9BC7-CF1314073879}.MinSizeRel|Mixed Platforms.Build.0 = Release|Any CPU
		{C8607D70-6003-4737-9BC7-CF1314073879}.MinSizeRel|Win32.ActiveCfg = Release|Any CPU
		{C8607D70-6003-4737-9BC7-CF1314073879}.MinSizeRel|x64.ActiveCfg = Release|Any CPU
		{C8607D70-6003-4737-9BC7-CF1314073879}.MinSizeRel|x86.ActiveCfg = Release|Any CPU
		{C8607D70-6003-4737-9BC7-CF1314073879}.Release|Any CPU.ActiveCfg = Release|Any CPU
		{C8607D70-6003-4737-9BC7-CF1314073879}.Release|Any CPU.Build.0 = Release|Any CPU
		{C8607D70-6003-4737-9BC7-CF1314073879}.Release|ARM.ActiveCfg = Release|Any CPU
		{C8607D70-6003-4737-9BC7-CF1314073879}.Release|Mixed Platforms.ActiveCfg = Release|Any CPU
		{C8607D70-6003-4737-9BC7-CF1314073879}.Release|Mixed Platforms.Build.0 = Release|Any CPU
		{C8607D70-6003-4737-9BC7-CF1314073879}.Release|Win32.ActiveCfg = Release|Any CPU
		{C8607D70-6003-4737-9BC7-CF1314073879}.Release|x64.ActiveCfg = Release|Any CPU
		{C8607D70-6003-4737-9BC7-CF1314073879}.Release|x86.ActiveCfg = Release|Any CPU
		{C8607D70-6003-4737-9BC7-CF1314073879}.RelWithDebInfo|Any CPU.ActiveCfg = Release|Any CPU
		{C8607D70-6003-4737-9BC7-CF1314073879}.RelWithDebInfo|Any CPU.Build.0 = Release|Any CPU
		{C8607D70-6003-4737-9BC7-CF1314073879}.RelWithDebInfo|ARM.ActiveCfg = Release|Any CPU
		{C8607D70-6003-4737-9BC7-CF1314073879}.RelWithDebInfo|Mixed Platforms.ActiveCfg = Release|Any CPU
		{C8607D70-6003-4737-9BC7-CF1314073879}.RelWithDebInfo|Mixed Platforms.Build.0 = Release|Any CPU
		{C8607D70-6003-4737-9BC7-CF1314073879}.RelWithDebInfo|Win32.ActiveCfg = Release|Any CPU
		{C8607D70-6003-4737-9BC7-CF1314073879}.RelWithDebInfo|x64.ActiveCfg = Release|Any CPU
		{C8607D70-6003-4737-9BC7-CF1314073879}.RelWithDebInfo|x86.ActiveCfg = Release|Any CPU
		{C8607D70-6003-4737-9BC7-CF1314073879}.SingleImage_x64|Any CPU.ActiveCfg = Release|Any CPU
		{C8607D70-6003-4737-9BC7-CF1314073879}.SingleImage_x64|Any CPU.Build.0 = Release|Any CPU
		{C8607D70-6003-4737-9BC7-CF1314073879}.SingleImage_x64|ARM.ActiveCfg = Release|Any CPU
		{C8607D70-6003-4737-9BC7-CF1314073879}.SingleImage_x64|Mixed Platforms.ActiveCfg = Release|Any CPU
		{C8607D70-6003-4737-9BC7-CF1314073879}.SingleImage_x64|Mixed Platforms.Build.0 = Release|Any CPU
		{C8607D70-6003-4737-9BC7-CF1314073879}.SingleImage_x64|Win32.ActiveCfg = Release|Any CPU
		{C8607D70-6003-4737-9BC7-CF1314073879}.SingleImage_x64|x64.ActiveCfg = Release|Any CPU
		{C8607D70-6003-4737-9BC7-CF1314073879}.SingleImage_x64|x86.ActiveCfg = Release|Any CPU
		{5956AF1B-97E8-4EEB-B04D-9D248F000DD3}.Debug_with_Device|Any CPU.ActiveCfg = Debug_with_Device|Any CPU
		{5956AF1B-97E8-4EEB-B04D-9D248F000DD3}.Debug_with_Device|Any CPU.Build.0 = Debug_with_Device|Any CPU
		{5956AF1B-97E8-4EEB-B04D-9D248F000DD3}.Debug_with_Device|ARM.ActiveCfg = Debug_with_Device|Any CPU
		{5956AF1B-97E8-4EEB-B04D-9D248F000DD3}.Debug_with_Device|ARM.Build.0 = Debug_with_Device|Any CPU
		{5956AF1B-97E8-4EEB-B04D-9D248F000DD3}.Debug_with_Device|Mixed Platforms.ActiveCfg = Debug_with_Device|Any CPU
		{5956AF1B-97E8-4EEB-B04D-9D248F000DD3}.Debug_with_Device|Mixed Platforms.Build.0 = Debug_with_Device|Any CPU
		{5956AF1B-97E8-4EEB-B04D-9D248F000DD3}.Debug_with_Device|Win32.ActiveCfg = Debug_with_Device|Any CPU
		{5956AF1B-97E8-4EEB-B04D-9D248F000DD3}.Debug_with_Device|Win32.Build.0 = Debug_with_Device|Any CPU
		{5956AF1B-97E8-4EEB-B04D-9D248F000DD3}.Debug_with_Device|x64.ActiveCfg = Debug_with_Device|Any CPU
		{5956AF1B-97E8-4EEB-B04D-9D248F000DD3}.Debug_with_Device|x64.Build.0 = Debug_with_Device|Any CPU
		{5956AF1B-97E8-4EEB-B04D-9D248F000DD3}.Debug_with_Device|x86.ActiveCfg = Debug_with_Device|Any CPU
		{5956AF1B-97E8-4EEB-B04D-9D248F000DD3}.Debug_with_Device|x86.Build.0 = Debug_with_Device|Any CPU
		{5956AF1B-97E8-4EEB-B04D-9D248F000DD3}.Debug|Any CPU.ActiveCfg = Debug|Any CPU
		{5956AF1B-97E8-4EEB-B04D-9D248F000DD3}.Debug|Any CPU.Build.0 = Debug|Any CPU
		{5956AF1B-97E8-4EEB-B04D-9D248F000DD3}.Debug|ARM.ActiveCfg = Debug|Any CPU
		{5956AF1B-97E8-4EEB-B04D-9D248F000DD3}.Debug|Mixed Platforms.ActiveCfg = Debug|Any CPU
		{5956AF1B-97E8-4EEB-B04D-9D248F000DD3}.Debug|Mixed Platforms.Build.0 = Debug|Any CPU
		{5956AF1B-97E8-4EEB-B04D-9D248F000DD3}.Debug|Win32.ActiveCfg = Debug|Any CPU
		{5956AF1B-97E8-4EEB-B04D-9D248F000DD3}.Debug|x64.ActiveCfg = Debug|Any CPU
		{5956AF1B-97E8-4EEB-B04D-9D248F000DD3}.Debug|x86.ActiveCfg = Debug|Any CPU
		{5956AF1B-97E8-4EEB-B04D-9D248F000DD3}.MinSizeRel|Any CPU.ActiveCfg = Release|Any CPU
		{5956AF1B-97E8-4EEB-B04D-9D248F000DD3}.MinSizeRel|Any CPU.Build.0 = Release|Any CPU
		{5956AF1B-97E8-4EEB-B04D-9D248F000DD3}.MinSizeRel|ARM.ActiveCfg = Release|Any CPU
		{5956AF1B-97E8-4EEB-B04D-9D248F000DD3}.MinSizeRel|Mixed Platforms.ActiveCfg = Release|Any CPU
		{5956AF1B-97E8-4EEB-B04D-9D248F000DD3}.MinSizeRel|Mixed Platforms.Build.0 = Release|Any CPU
		{5956AF1B-97E8-4EEB-B04D-9D248F000DD3}.MinSizeRel|Win32.ActiveCfg = Release|Any CPU
		{5956AF1B-97E8-4EEB-B04D-9D248F000DD3}.MinSizeRel|x64.ActiveCfg = Release|Any CPU
		{5956AF1B-97E8-4EEB-B04D-9D248F000DD3}.MinSizeRel|x86.ActiveCfg = Release|Any CPU
		{5956AF1B-97E8-4EEB-B04D-9D248F000DD3}.Release|Any CPU.ActiveCfg = Release|Any CPU
		{5956AF1B-97E8-4EEB-B04D-9D248F000DD3}.Release|Any CPU.Build.0 = Release|Any CPU
		{5956AF1B-97E8-4EEB-B04D-9D248F000DD3}.Release|ARM.ActiveCfg = Release|Any CPU
		{5956AF1B-97E8-4EEB-B04D-9D248F000DD3}.Release|Mixed Platforms.ActiveCfg = Release|Any CPU
		{5956AF1B-97E8-4EEB-B04D-9D248F000DD3}.Release|Mixed Platforms.Build.0 = Release|Any CPU
		{5956AF1B-97E8-4EEB-B04D-9D248F000DD3}.Release|Win32.ActiveCfg = Release|Any CPU
		{5956AF1B-97E8-4EEB-B04D-9D248F000DD3}.Release|x64.ActiveCfg = Release|Any CPU
		{5956AF1B-97E8-4EEB-B04D-9D248F000DD3}.Release|x86.ActiveCfg = Release|Any CPU
		{5956AF1B-97E8-4EEB-B04D-9D248F000DD3}.RelWithDebInfo|Any CPU.ActiveCfg = Release|Any CPU
		{5956AF1B-97E8-4EEB-B04D-9D248F000DD3}.RelWithDebInfo|Any CPU.Build.0 = Release|Any CPU
		{5956AF1B-97E8-4EEB-B04D-9D248F000DD3}.RelWithDebInfo|ARM.ActiveCfg = Release|Any CPU
		{5956AF1B-97E8-4EEB-B04D-9D248F000DD3}.RelWithDebInfo|Mixed Platforms.ActiveCfg = Release|Any CPU
		{5956AF1B-97E8-4EEB-B04D-9D248F000DD3}.RelWithDebInfo|Mixed Platforms.Build.0 = Release|Any CPU
		{5956AF1B-97E8-4EEB-B04D-9D248F000DD3}.RelWithDebInfo|Win32.ActiveCfg = Release|Any CPU
		{5956AF1B-97E8-4EEB-B04D-9D248F000DD3}.RelWithDebInfo|x64.ActiveCfg = Release|Any CPU
		{5956AF1B-97E8-4EEB-B04D-9D248F000DD3}.RelWithDebInfo|x86.ActiveCfg = Release|Any CPU
		{5956AF1B-97E8-4EEB-B04D-9D248F000DD3}.SingleImage_x64|Any CPU.ActiveCfg = Release|Any CPU
		{5956AF1B-97E8-4EEB-B04D-9D248F000DD3}.SingleImage_x64|Any CPU.Build.0 = Release|Any CPU
		{5956AF1B-97E8-4EEB-B04D-9D248F000DD3}.SingleImage_x64|ARM.ActiveCfg = Release|Any CPU
		{5956AF1B-97E8-4EEB-B04D-9D248F000DD3}.SingleImage_x64|Mixed Platforms.ActiveCfg = Release|Any CPU
		{5956AF1B-97E8-4EEB-B04D-9D248F000DD3}.SingleImage_x64|Mixed Platforms.Build.0 = Release|Any CPU
		{5956AF1B-97E8-4EEB-B04D-9D248F000DD3}.SingleImage_x64|Win32.ActiveCfg = Release|Any CPU
		{5956AF1B-97E8-4EEB-B04D-9D248F000DD3}.SingleImage_x64|x64.ActiveCfg = Release|Any CPU
		{5956AF1B-97E8-4EEB-B04D-9D248F000DD3}.SingleImage_x64|x86.ActiveCfg = Release|Any CPU
		{02D83723-3D19-4C12-BA5E-80330F6248C4}.Debug_with_Device|Any CPU.ActiveCfg = Debug_with_Device|Any CPU
		{02D83723-3D19-4C12-BA5E-80330F6248C4}.Debug_with_Device|Any CPU.Build.0 = Debug_with_Device|Any CPU
		{02D83723-3D19-4C12-BA5E-80330F6248C4}.Debug_with_Device|ARM.ActiveCfg = Debug_with_Device|Any CPU
		{02D83723-3D19-4C12-BA5E-80330F6248C4}.Debug_with_Device|ARM.Build.0 = Debug_with_Device|Any CPU
		{02D83723-3D19-4C12-BA5E-80330F6248C4}.Debug_with_Device|Mixed Platforms.ActiveCfg = Debug_with_Device|Any CPU
		{02D83723-3D19-4C12-BA5E-80330F6248C4}.Debug_with_Device|Mixed Platforms.Build.0 = Debug_with_Device|Any CPU
		{02D83723-3D19-4C12-BA5E-80330F6248C4}.Debug_with_Device|Win32.ActiveCfg = Debug_with_Device|Any CPU
		{02D83723-3D19-4C12-BA5E-80330F6248C4}.Debug_with_Device|Win32.Build.0 = Debug_with_Device|Any CPU
		{02D83723-3D19-4C12-BA5E-80330F6248C4}.Debug_with_Device|x64.ActiveCfg = Debug_with_Device|Any CPU
		{02D83723-3D19-4C12-BA5E-80330F6248C4}.Debug_with_Device|x64.Build.0 = Debug_with_Device|Any CPU
		{02D83723-3D19-4C12-BA5E-80330F6248C4}.Debug_with_Device|x86.ActiveCfg = Debug_with_Device|Any CPU
		{02D83723-3D19-4C12-BA5E-80330F6248C4}.Debug_with_Device|x86.Build.0 = Debug_with_Device|Any CPU
		{02D83723-3D19-4C12-BA5E-80330F6248C4}.Debug|Any CPU.ActiveCfg = Debug|Any CPU
		{02D83723-3D19-4C12-BA5E-80330F6248C4}.Debug|Any CPU.Build.0 = Debug|Any CPU
		{02D83723-3D19-4C12-BA5E-80330F6248C4}.Debug|ARM.ActiveCfg = Debug|Any CPU
		{02D83723-3D19-4C12-BA5E-80330F6248C4}.Debug|Mixed Platforms.ActiveCfg = Debug|Any CPU
		{02D83723-3D19-4C12-BA5E-80330F6248C4}.Debug|Mixed Platforms.Build.0 = Debug|Any CPU
		{02D83723-3D19-4C12-BA5E-80330F6248C4}.Debug|Win32.ActiveCfg = Debug|Any CPU
		{02D83723-3D19-4C12-BA5E-80330F6248C4}.Debug|x64.ActiveCfg = Debug|Any CPU
		{02D83723-3D19-4C12-BA5E-80330F6248C4}.Debug|x86.ActiveCfg = Debug|Any CPU
		{02D83723-3D19-4C12-BA5E-80330F6248C4}.MinSizeRel|Any CPU.ActiveCfg = Debug_w_Device|Any CPU
		{02D83723-3D19-4C12-BA5E-80330F6248C4}.MinSizeRel|Any CPU.Build.0 = Debug_w_Device|Any CPU
		{02D83723-3D19-4C12-BA5E-80330F6248C4}.MinSizeRel|ARM.ActiveCfg = Debug_w_Device|Any CPU
		{02D83723-3D19-4C12-BA5E-80330F6248C4}.MinSizeRel|Mixed Platforms.ActiveCfg = Debug_w_Device|Any CPU
		{02D83723-3D19-4C12-BA5E-80330F6248C4}.MinSizeRel|Mixed Platforms.Build.0 = Debug_w_Device|Any CPU
		{02D83723-3D19-4C12-BA5E-80330F6248C4}.MinSizeRel|Win32.ActiveCfg = Debug_w_Device|Any CPU
		{02D83723-3D19-4C12-BA5E-80330F6248C4}.MinSizeRel|x64.ActiveCfg = Debug_w_Device|Any CPU
		{02D83723-3D19-4C12-BA5E-80330F6248C4}.MinSizeRel|x86.ActiveCfg = Debug_w_Device|Any CPU
		{02D83723-3D19-4C12-BA5E-80330F6248C4}.Release|Any CPU.ActiveCfg = Release|Any CPU
		{02D83723-3D19-4C12-BA5E-80330F6248C4}.Release|Any CPU.Build.0 = Release|Any CPU
		{02D83723-3D19-4C12-BA5E-80330F6248C4}.Release|ARM.ActiveCfg = Release|Any CPU
		{02D83723-3D19-4C12-BA5E-80330F6248C4}.Release|Mixed Platforms.ActiveCfg = Release|Any CPU
		{02D83723-3D19-4C12-BA5E-80330F6248C4}.Release|Mixed Platforms.Build.0 = Release|Any CPU
		{02D83723-3D19-4C12-BA5E-80330F6248C4}.Release|Win32.ActiveCfg = Release|Any CPU
		{02D83723-3D19-4C12-BA5E-80330F6248C4}.Release|x64.ActiveCfg = Release|Any CPU
		{02D83723-3D19-4C12-BA5E-80330F6248C4}.Release|x86.ActiveCfg = Release|Any CPU
		{02D83723-3D19-4C12-BA5E-80330F6248C4}.RelWithDebInfo|Any CPU.ActiveCfg = Release|Any CPU
		{02D83723-3D19-4C12-BA5E-80330F6248C4}.RelWithDebInfo|Any CPU.Build.0 = Release|Any CPU
		{02D83723-3D19-4C12-BA5E-80330F6248C4}.RelWithDebInfo|ARM.ActiveCfg = Release|Any CPU
		{02D83723-3D19-4C12-BA5E-80330F6248C4}.RelWithDebInfo|Mixed Platforms.ActiveCfg = Release|Any CPU
		{02D83723-3D19-4C12-BA5E-80330F6248C4}.RelWithDebInfo|Mixed Platforms.Build.0 = Release|Any CPU
		{02D83723-3D19-4C12-BA5E-80330F6248C4}.RelWithDebInfo|Win32.ActiveCfg = Release|Any CPU
		{02D83723-3D19-4C12-BA5E-80330F6248C4}.RelWithDebInfo|x64.ActiveCfg = Release|Any CPU
		{02D83723-3D19-4C12-BA5E-80330F6248C4}.RelWithDebInfo|x86.ActiveCfg = Release|Any CPU
		{02D83723-3D19-4C12-BA5E-80330F6248C4}.SingleImage_x64|Any CPU.ActiveCfg = Release|Any CPU
		{02D83723-3D19-4C12-BA5E-80330F6248C4}.SingleImage_x64|Any CPU.Build.0 = Release|Any CPU
		{02D83723-3D19-4C12-BA5E-80330F6248C4}.SingleImage_x64|ARM.ActiveCfg = Debug_w_Device|Any CPU
		{02D83723-3D19-4C12-BA5E-80330F6248C4}.SingleImage_x64|Mixed Platforms.ActiveCfg = Release|Any CPU
		{02D83723-3D19-4C12-BA5E-80330F6248C4}.SingleImage_x64|Mixed Platforms.Build.0 = Release|Any CPU
		{02D83723-3D19-4C12-BA5E-80330F6248C4}.SingleImage_x64|Win32.ActiveCfg = Release|Any CPU
		{02D83723-3D19-4C12-BA5E-80330F6248C4}.SingleImage_x64|x64.ActiveCfg = Debug_w_Device|Any CPU
		{02D83723-3D19-4C12-BA5E-80330F6248C4}.SingleImage_x64|x86.ActiveCfg = Debug_w_Device|Any CPU
		{27CE45E2-C622-4F25-A664-73CE6D0D34D8}.Debug_with_Device|Any CPU.ActiveCfg = RelWithDebInfo|Win32
		{27CE45E2-C622-4F25-A664-73CE6D0D34D8}.Debug_with_Device|Any CPU.Build.0 = RelWithDebInfo|Win32
		{27CE45E2-C622-4F25-A664-73CE6D0D34D8}.Debug_with_Device|ARM.ActiveCfg = RelWithDebInfo|Win32
		{27CE45E2-C622-4F25-A664-73CE6D0D34D8}.Debug_with_Device|ARM.Build.0 = RelWithDebInfo|Win32
		{27CE45E2-C622-4F25-A664-73CE6D0D34D8}.Debug_with_Device|Mixed Platforms.ActiveCfg = Debug|Win32
		{27CE45E2-C622-4F25-A664-73CE6D0D34D8}.Debug_with_Device|Mixed Platforms.Build.0 = Debug|Win32
		{27CE45E2-C622-4F25-A664-73CE6D0D34D8}.Debug_with_Device|Win32.ActiveCfg = Debug|Win32
		{27CE45E2-C622-4F25-A664-73CE6D0D34D8}.Debug_with_Device|Win32.Build.0 = Debug|Win32
		{27CE45E2-C622-4F25-A664-73CE6D0D34D8}.Debug_with_Device|x64.ActiveCfg = RelWithDebInfo|Win32
		{27CE45E2-C622-4F25-A664-73CE6D0D34D8}.Debug_with_Device|x64.Build.0 = RelWithDebInfo|Win32
		{27CE45E2-C622-4F25-A664-73CE6D0D34D8}.Debug_with_Device|x86.ActiveCfg = Debug|Win32
		{27CE45E2-C622-4F25-A664-73CE6D0D34D8}.Debug_with_Device|x86.Build.0 = Debug|Win32
		{27CE45E2-C622-4F25-A664-73CE6D0D34D8}.Debug|Any CPU.ActiveCfg = Debug|Win32
		{27CE45E2-C622-4F25-A664-73CE6D0D34D8}.Debug|ARM.ActiveCfg = Debug|Win32
		{27CE45E2-C622-4F25-A664-73CE6D0D34D8}.Debug|Mixed Platforms.ActiveCfg = Debug|Win32
		{27CE45E2-C622-4F25-A664-73CE6D0D34D8}.Debug|Mixed Platforms.Build.0 = Debug|Win32
		{27CE45E2-C622-4F25-A664-73CE6D0D34D8}.Debug|Win32.ActiveCfg = Debug|Win32
		{27CE45E2-C622-4F25-A664-73CE6D0D34D8}.Debug|x64.ActiveCfg = Debug|Win32
		{27CE45E2-C622-4F25-A664-73CE6D0D34D8}.Debug|x86.ActiveCfg = Debug|Win32
		{27CE45E2-C622-4F25-A664-73CE6D0D34D8}.Debug|x86.Build.0 = Debug|Win32
		{27CE45E2-C622-4F25-A664-73CE6D0D34D8}.MinSizeRel|Any CPU.ActiveCfg = MinSizeRel|Win32
		{27CE45E2-C622-4F25-A664-73CE6D0D34D8}.MinSizeRel|ARM.ActiveCfg = MinSizeRel|Win32
		{27CE45E2-C622-4F25-A664-73CE6D0D34D8}.MinSizeRel|Mixed Platforms.ActiveCfg = MinSizeRel|Win32
		{27CE45E2-C622-4F25-A664-73CE6D0D34D8}.MinSizeRel|Mixed Platforms.Build.0 = MinSizeRel|Win32
		{27CE45E2-C622-4F25-A664-73CE6D0D34D8}.MinSizeRel|Win32.ActiveCfg = MinSizeRel|Win32
		{27CE45E2-C622-4F25-A664-73CE6D0D34D8}.MinSizeRel|x64.ActiveCfg = MinSizeRel|Win32
		{27CE45E2-C622-4F25-A664-73CE6D0D34D8}.MinSizeRel|x86.ActiveCfg = MinSizeRel|Win32
		{27CE45E2-C622-4F25-A664-73CE6D0D34D8}.MinSizeRel|x86.Build.0 = MinSizeRel|Win32
		{27CE45E2-C622-4F25-A664-73CE6D0D34D8}.Release|Any CPU.ActiveCfg = Release|Win32
		{27CE45E2-C622-4F25-A664-73CE6D0D34D8}.Release|ARM.ActiveCfg = Release|Win32
		{27CE45E2-C622-4F25-A664-73CE6D0D34D8}.Release|Mixed Platforms.ActiveCfg = Release|Win32
		{27CE45E2-C622-4F25-A664-73CE6D0D34D8}.Release|Mixed Platforms.Build.0 = Release|Win32
		{27CE45E2-C622-4F25-A664-73CE6D0D34D8}.Release|Win32.ActiveCfg = Release|Win32
		{27CE45E2-C622-4F25-A664-73CE6D0D34D8}.Release|x64.ActiveCfg = Release|Win32
		{27CE45E2-C622-4F25-A664-73CE6D0D34D8}.Release|x86.ActiveCfg = Release|Win32
		{27CE45E2-C622-4F25-A664-73CE6D0D34D8}.Release|x86.Build.0 = Release|Win32
		{27CE45E2-C622-4F25-A664-73CE6D0D34D8}.RelWithDebInfo|Any CPU.ActiveCfg = RelWithDebInfo|Win32
		{27CE45E2-C622-4F25-A664-73CE6D0D34D8}.RelWithDebInfo|ARM.ActiveCfg = RelWithDebInfo|Win32
		{27CE45E2-C622-4F25-A664-73CE6D0D34D8}.RelWithDebInfo|Mixed Platforms.ActiveCfg = RelWithDebInfo|Win32
		{27CE45E2-C622-4F25-A664-73CE6D0D34D8}.RelWithDebInfo|Mixed Platforms.Build.0 = RelWithDebInfo|Win32
		{27CE45E2-C622-4F25-A664-73CE6D0D34D8}.RelWithDebInfo|Win32.ActiveCfg = RelWithDebInfo|Win32
		{27CE45E2-C622-4F25-A664-73CE6D0D34D8}.RelWithDebInfo|x64.ActiveCfg = RelWithDebInfo|Win32
		{27CE45E2-C622-4F25-A664-73CE6D0D34D8}.RelWithDebInfo|x86.ActiveCfg = RelWithDebInfo|Win32
		{27CE45E2-C622-4F25-A664-73CE6D0D34D8}.RelWithDebInfo|x86.Build.0 = RelWithDebInfo|Win32
		{27CE45E2-C622-4F25-A664-73CE6D0D34D8}.SingleImage_x64|Any CPU.ActiveCfg = RelWithDebInfo|Win32
		{27CE45E2-C622-4F25-A664-73CE6D0D34D8}.SingleImage_x64|ARM.ActiveCfg = RelWithDebInfo|Win32
		{27CE45E2-C622-4F25-A664-73CE6D0D34D8}.SingleImage_x64|Mixed Platforms.ActiveCfg = RelWithDebInfo|Win32
		{27CE45E2-C622-4F25-A664-73CE6D0D34D8}.SingleImage_x64|Mixed Platforms.Build.0 = RelWithDebInfo|Win32
		{27CE45E2-C622-4F25-A664-73CE6D0D34D8}.SingleImage_x64|Win32.ActiveCfg = RelWithDebInfo|Win32
		{27CE45E2-C622-4F25-A664-73CE6D0D34D8}.SingleImage_x64|Win32.Build.0 = RelWithDebInfo|Win32
		{27CE45E2-C622-4F25-A664-73CE6D0D34D8}.SingleImage_x64|x64.ActiveCfg = RelWithDebInfo|Win32
		{27CE45E2-C622-4F25-A664-73CE6D0D34D8}.SingleImage_x64|x86.ActiveCfg = RelWithDebInfo|Win32
		{27CE45E2-C622-4F25-A664-73CE6D0D34D8}.SingleImage_x64|x86.Build.0 = RelWithDebInfo|Win32
		{ACA975F0-B998-445C-B538-1A66E40D89A6}.Debug_with_Device|Any CPU.ActiveCfg = RelWithDebInfo|Win32
		{ACA975F0-B998-445C-B538-1A66E40D89A6}.Debug_with_Device|Any CPU.Build.0 = RelWithDebInfo|Win32
		{ACA975F0-B998-445C-B538-1A66E40D89A6}.Debug_with_Device|ARM.ActiveCfg = RelWithDebInfo|Win32
		{ACA975F0-B998-445C-B538-1A66E40D89A6}.Debug_with_Device|ARM.Build.0 = RelWithDebInfo|Win32
		{ACA975F0-B998-445C-B538-1A66E40D89A6}.Debug_with_Device|Mixed Platforms.ActiveCfg = Debug|Win32
		{ACA975F0-B998-445C-B538-1A66E40D89A6}.Debug_with_Device|Mixed Platforms.Build.0 = Debug|Win32
		{ACA975F0-B998-445C-B538-1A66E40D89A6}.Debug_with_Device|Win32.ActiveCfg = Debug|Win32
		{ACA975F0-B998-445C-B538-1A66E40D89A6}.Debug_with_Device|Win32.Build.0 = Debug|Win32
		{ACA975F0-B998-445C-B538-1A66E40D89A6}.Debug_with_Device|x64.ActiveCfg = RelWithDebInfo|Win32
		{ACA975F0-B998-445C-B538-1A66E40D89A6}.Debug_with_Device|x64.Build.0 = RelWithDebInfo|Win32
		{ACA975F0-B998-445C-B538-1A66E40D89A6}.Debug_with_Device|x86.ActiveCfg = Debug|Win32
		{ACA975F0-B998-445C-B538-1A66E40D89A6}.Debug_with_Device|x86.Build.0 = Debug|Win32
		{ACA975F0-B998-445C-B538-1A66E40D89A6}.Debug|Any CPU.ActiveCfg = Debug|Win32
		{ACA975F0-B998-445C-B538-1A66E40D89A6}.Debug|ARM.ActiveCfg = Debug|Win32
		{ACA975F0-B998-445C-B538-1A66E40D89A6}.Debug|Mixed Platforms.ActiveCfg = Debug|Win32
		{ACA975F0-B998-445C-B538-1A66E40D89A6}.Debug|Mixed Platforms.Build.0 = Debug|Win32
		{ACA975F0-B998-445C-B538-1A66E40D89A6}.Debug|Win32.ActiveCfg = Debug|Win32
		{ACA975F0-B998-445C-B538-1A66E40D89A6}.Debug|Win32.Build.0 = Debug|Win32
		{ACA975F0-B998-445C-B538-1A66E40D89A6}.Debug|x64.ActiveCfg = Debug|Win32
		{ACA975F0-B998-445C-B538-1A66E40D89A6}.Debug|x86.ActiveCfg = Debug|Win32
		{ACA975F0-B998-445C-B538-1A66E40D89A6}.Debug|x86.Build.0 = Debug|Win32
		{ACA975F0-B998-445C-B538-1A66E40D89A6}.MinSizeRel|Any CPU.ActiveCfg = MinSizeRel|Win32
		{ACA975F0-B998-445C-B538-1A66E40D89A6}.MinSizeRel|ARM.ActiveCfg = MinSizeRel|Win32
		{ACA975F0-B998-445C-B538-1A66E40D89A6}.MinSizeRel|Mixed Platforms.ActiveCfg = MinSizeRel|Win32
		{ACA975F0-B998-445C-B538-1A66E40D89A6}.MinSizeRel|Mixed Platforms.Build.0 = MinSizeRel|Win32
		{ACA975F0-B998-445C-B538-1A66E40D89A6}.MinSizeRel|Win32.ActiveCfg = MinSizeRel|Win32
		{ACA975F0-B998-445C-B538-1A66E40D89A6}.MinSizeRel|Win32.Build.0 = MinSizeRel|Win32
		{ACA975F0-B998-445C-B538-1A66E40D89A6}.MinSizeRel|x64.ActiveCfg = MinSizeRel|Win32
		{ACA975F0-B998-445C-B538-1A66E40D89A6}.MinSizeRel|x86.ActiveCfg = MinSizeRel|Win32
		{ACA975F0-B998-445C-B538-1A66E40D89A6}.MinSizeRel|x86.Build.0 = MinSizeRel|Win32
		{ACA975F0-B998-445C-B538-1A66E40D89A6}.Release|Any CPU.ActiveCfg = Release|Win32
		{ACA975F0-B998-445C-B538-1A66E40D89A6}.Release|ARM.ActiveCfg = Release|Win32
		{ACA975F0-B998-445C-B538-1A66E40D89A6}.Release|Mixed Platforms.ActiveCfg = Release|Win32
		{ACA975F0-B998-445C-B538-1A66E40D89A6}.Release|Mixed Platforms.Build.0 = Release|Win32
		{ACA975F0-B998-445C-B538-1A66E40D89A6}.Release|Win32.ActiveCfg = Release|Win32
		{ACA975F0-B998-445C-B538-1A66E40D89A6}.Release|Win32.Build.0 = Release|Win32
		{ACA975F0-B998-445C-B538-1A66E40D89A6}.Release|x64.ActiveCfg = Release|Win32
		{ACA975F0-B998-445C-B538-1A66E40D89A6}.Release|x86.ActiveCfg = Release|Win32
		{ACA975F0-B998-445C-B538-1A66E40D89A6}.Release|x86.Build.0 = Release|Win32
		{ACA975F0-B998-445C-B538-1A66E40D89A6}.RelWithDebInfo|Any CPU.ActiveCfg = RelWithDebInfo|Win32
		{ACA975F0-B998-445C-B538-1A66E40D89A6}.RelWithDebInfo|ARM.ActiveCfg = RelWithDebInfo|Win32
		{ACA975F0-B998-445C-B538-1A66E40D89A6}.RelWithDebInfo|Mixed Platforms.ActiveCfg = RelWithDebInfo|Win32
		{ACA975F0-B998-445C-B538-1A66E40D89A6}.RelWithDebInfo|Mixed Platforms.Build.0 = RelWithDebInfo|Win32
		{ACA975F0-B998-445C-B538-1A66E40D89A6}.RelWithDebInfo|Win32.ActiveCfg = RelWithDebInfo|Win32
		{ACA975F0-B998-445C-B538-1A66E40D89A6}.RelWithDebInfo|Win32.Build.0 = RelWithDebInfo|Win32
		{ACA975F0-B998-445C-B538-1A66E40D89A6}.RelWithDebInfo|x64.ActiveCfg = RelWithDebInfo|Win32
		{ACA975F0-B998-445C-B538-1A66E40D89A6}.RelWithDebInfo|x86.ActiveCfg = RelWithDebInfo|Win32
		{ACA975F0-B998-445C-B538-1A66E40D89A6}.RelWithDebInfo|x86.Build.0 = RelWithDebInfo|Win32
		{ACA975F0-B998-445C-B538-1A66E40D89A6}.SingleImage_x64|Any CPU.ActiveCfg = RelWithDebInfo|Win32
		{ACA975F0-B998-445C-B538-1A66E40D89A6}.SingleImage_x64|ARM.ActiveCfg = RelWithDebInfo|Win32
		{ACA975F0-B998-445C-B538-1A66E40D89A6}.SingleImage_x64|Mixed Platforms.ActiveCfg = RelWithDebInfo|Win32
		{ACA975F0-B998-445C-B538-1A66E40D89A6}.SingleImage_x64|Mixed Platforms.Build.0 = RelWithDebInfo|Win32
		{ACA975F0-B998-445C-B538-1A66E40D89A6}.SingleImage_x64|Win32.ActiveCfg = RelWithDebInfo|Win32
		{ACA975F0-B998-445C-B538-1A66E40D89A6}.SingleImage_x64|Win32.Build.0 = RelWithDebInfo|Win32
		{ACA975F0-B998-445C-B538-1A66E40D89A6}.SingleImage_x64|x64.ActiveCfg = RelWithDebInfo|Win32
		{ACA975F0-B998-445C-B538-1A66E40D89A6}.SingleImage_x64|x86.ActiveCfg = RelWithDebInfo|Win32
		{ACA975F0-B998-445C-B538-1A66E40D89A6}.SingleImage_x64|x86.Build.0 = RelWithDebInfo|Win32
		{78C20DAC-1D9A-4ABB-ACF6-00A297D2DDE9}.Debug_with_Device|Any CPU.ActiveCfg = RelWithDebInfo|Win32
		{78C20DAC-1D9A-4ABB-ACF6-00A297D2DDE9}.Debug_with_Device|Any CPU.Build.0 = RelWithDebInfo|Win32
		{78C20DAC-1D9A-4ABB-ACF6-00A297D2DDE9}.Debug_with_Device|ARM.ActiveCfg = RelWithDebInfo|Win32
		{78C20DAC-1D9A-4ABB-ACF6-00A297D2DDE9}.Debug_with_Device|ARM.Build.0 = RelWithDebInfo|Win32
		{78C20DAC-1D9A-4ABB-ACF6-00A297D2DDE9}.Debug_with_Device|Mixed Platforms.ActiveCfg = Debug|Win32
		{78C20DAC-1D9A-4ABB-ACF6-00A297D2DDE9}.Debug_with_Device|Mixed Platforms.Build.0 = Debug|Win32
		{78C20DAC-1D9A-4ABB-ACF6-00A297D2DDE9}.Debug_with_Device|Win32.ActiveCfg = Debug|Win32
		{78C20DAC-1D9A-4ABB-ACF6-00A297D2DDE9}.Debug_with_Device|Win32.Build.0 = Debug|Win32
		{78C20DAC-1D9A-4ABB-ACF6-00A297D2DDE9}.Debug_with_Device|x64.ActiveCfg = RelWithDebInfo|Win32
		{78C20DAC-1D9A-4ABB-ACF6-00A297D2DDE9}.Debug_with_Device|x64.Build.0 = RelWithDebInfo|Win32
		{78C20DAC-1D9A-4ABB-ACF6-00A297D2DDE9}.Debug_with_Device|x86.ActiveCfg = Debug|Win32
		{78C20DAC-1D9A-4ABB-ACF6-00A297D2DDE9}.Debug_with_Device|x86.Build.0 = Debug|Win32
		{78C20DAC-1D9A-4ABB-ACF6-00A297D2DDE9}.Debug|Any CPU.ActiveCfg = Debug|Win32
		{78C20DAC-1D9A-4ABB-ACF6-00A297D2DDE9}.Debug|ARM.ActiveCfg = Debug|Win32
		{78C20DAC-1D9A-4ABB-ACF6-00A297D2DDE9}.Debug|Mixed Platforms.ActiveCfg = Debug|Win32
		{78C20DAC-1D9A-4ABB-ACF6-00A297D2DDE9}.Debug|Mixed Platforms.Build.0 = Debug|Win32
		{78C20DAC-1D9A-4ABB-ACF6-00A297D2DDE9}.Debug|Win32.ActiveCfg = Debug|Win32
		{78C20DAC-1D9A-4ABB-ACF6-00A297D2DDE9}.Debug|Win32.Build.0 = Debug|Win32
		{78C20DAC-1D9A-4ABB-ACF6-00A297D2DDE9}.Debug|x64.ActiveCfg = Debug|Win32
		{78C20DAC-1D9A-4ABB-ACF6-00A297D2DDE9}.Debug|x86.ActiveCfg = Debug|Win32
		{78C20DAC-1D9A-4ABB-ACF6-00A297D2DDE9}.Debug|x86.Build.0 = Debug|Win32
		{78C20DAC-1D9A-4ABB-ACF6-00A297D2DDE9}.MinSizeRel|Any CPU.ActiveCfg = MinSizeRel|Win32
		{78C20DAC-1D9A-4ABB-ACF6-00A297D2DDE9}.MinSizeRel|ARM.ActiveCfg = MinSizeRel|Win32
		{78C20DAC-1D9A-4ABB-ACF6-00A297D2DDE9}.MinSizeRel|Mixed Platforms.ActiveCfg = MinSizeRel|Win32
		{78C20DAC-1D9A-4ABB-ACF6-00A297D2DDE9}.MinSizeRel|Mixed Platforms.Build.0 = MinSizeRel|Win32
		{78C20DAC-1D9A-4ABB-ACF6-00A297D2DDE9}.MinSizeRel|Win32.ActiveCfg = MinSizeRel|Win32
		{78C20DAC-1D9A-4ABB-ACF6-00A297D2DDE9}.MinSizeRel|Win32.Build.0 = MinSizeRel|Win32
		{78C20DAC-1D9A-4ABB-ACF6-00A297D2DDE9}.MinSizeRel|x64.ActiveCfg = MinSizeRel|Win32
		{78C20DAC-1D9A-4ABB-ACF6-00A297D2DDE9}.MinSizeRel|x86.ActiveCfg = MinSizeRel|Win32
		{78C20DAC-1D9A-4ABB-ACF6-00A297D2DDE9}.MinSizeRel|x86.Build.0 = MinSizeRel|Win32
		{78C20DAC-1D9A-4ABB-ACF6-00A297D2DDE9}.Release|Any CPU.ActiveCfg = Release|Win32
		{78C20DAC-1D9A-4ABB-ACF6-00A297D2DDE9}.Release|ARM.ActiveCfg = Release|Win32
		{78C20DAC-1D9A-4ABB-ACF6-00A297D2DDE9}.Release|Mixed Platforms.ActiveCfg = Release|Win32
		{78C20DAC-1D9A-4ABB-ACF6-00A297D2DDE9}.Release|Mixed Platforms.Build.0 = Release|Win32
		{78C20DAC-1D9A-4ABB-ACF6-00A297D2DDE9}.Release|Win32.ActiveCfg = Release|Win32
		{78C20DAC-1D9A-4ABB-ACF6-00A297D2DDE9}.Release|Win32.Build.0 = Release|Win32
		{78C20DAC-1D9A-4ABB-ACF6-00A297D2DDE9}.Release|x64.ActiveCfg = Release|Win32
		{78C20DAC-1D9A-4ABB-ACF6-00A297D2DDE9}.Release|x86.ActiveCfg = Release|Win32
		{78C20DAC-1D9A-4ABB-ACF6-00A297D2DDE9}.Release|x86.Build.0 = Release|Win32
		{78C20DAC-1D9A-4ABB-ACF6-00A297D2DDE9}.RelWithDebInfo|Any CPU.ActiveCfg = RelWithDebInfo|Win32
		{78C20DAC-1D9A-4ABB-ACF6-00A297D2DDE9}.RelWithDebInfo|ARM.ActiveCfg = RelWithDebInfo|Win32
		{78C20DAC-1D9A-4ABB-ACF6-00A297D2DDE9}.RelWithDebInfo|Mixed Platforms.ActiveCfg = RelWithDebInfo|Win32
		{78C20DAC-1D9A-4ABB-ACF6-00A297D2DDE9}.RelWithDebInfo|Mixed Platforms.Build.0 = RelWithDebInfo|Win32
		{78C20DAC-1D9A-4ABB-ACF6-00A297D2DDE9}.RelWithDebInfo|Win32.ActiveCfg = RelWithDebInfo|Win32
		{78C20DAC-1D9A-4ABB-ACF6-00A297D2DDE9}.RelWithDebInfo|Win32.Build.0 = RelWithDebInfo|Win32
		{78C20DAC-1D9A-4ABB-ACF6-00A297D2DDE9}.RelWithDebInfo|x64.ActiveCfg = RelWithDebInfo|Win32
		{78C20DAC-1D9A-4ABB-ACF6-00A297D2DDE9}.RelWithDebInfo|x86.ActiveCfg = RelWithDebInfo|Win32
		{78C20DAC-1D9A-4ABB-ACF6-00A297D2DDE9}.RelWithDebInfo|x86.Build.0 = RelWithDebInfo|Win32
		{78C20DAC-1D9A-4ABB-ACF6-00A297D2DDE9}.SingleImage_x64|Any CPU.ActiveCfg = RelWithDebInfo|Win32
		{78C20DAC-1D9A-4ABB-ACF6-00A297D2DDE9}.SingleImage_x64|ARM.ActiveCfg = RelWithDebInfo|Win32
		{78C20DAC-1D9A-4ABB-ACF6-00A297D2DDE9}.SingleImage_x64|Mixed Platforms.ActiveCfg = RelWithDebInfo|Win32
		{78C20DAC-1D9A-4ABB-ACF6-00A297D2DDE9}.SingleImage_x64|Mixed Platforms.Build.0 = RelWithDebInfo|Win32
		{78C20DAC-1D9A-4ABB-ACF6-00A297D2DDE9}.SingleImage_x64|Win32.ActiveCfg = RelWithDebInfo|Win32
		{78C20DAC-1D9A-4ABB-ACF6-00A297D2DDE9}.SingleImage_x64|Win32.Build.0 = RelWithDebInfo|Win32
		{78C20DAC-1D9A-4ABB-ACF6-00A297D2DDE9}.SingleImage_x64|x64.ActiveCfg = RelWithDebInfo|Win32
		{78C20DAC-1D9A-4ABB-ACF6-00A297D2DDE9}.SingleImage_x64|x86.ActiveCfg = RelWithDebInfo|Win32
		{78C20DAC-1D9A-4ABB-ACF6-00A297D2DDE9}.SingleImage_x64|x86.Build.0 = RelWithDebInfo|Win32
		{3AA5AA48-1C06-45CA-9590-460357DAB41E}.Debug_with_Device|Any CPU.ActiveCfg = Debug_with_Device|Any CPU
		{3AA5AA48-1C06-45CA-9590-460357DAB41E}.Debug_with_Device|Any CPU.Build.0 = Debug_with_Device|Any CPU
		{3AA5AA48-1C06-45CA-9590-460357DAB41E}.Debug_with_Device|ARM.ActiveCfg = Debug_with_Device|Any CPU
		{3AA5AA48-1C06-45CA-9590-460357DAB41E}.Debug_with_Device|ARM.Build.0 = Debug_with_Device|Any CPU
		{3AA5AA48-1C06-45CA-9590-460357DAB41E}.Debug_with_Device|Mixed Platforms.ActiveCfg = Debug_with_Device|Any CPU
		{3AA5AA48-1C06-45CA-9590-460357DAB41E}.Debug_with_Device|Mixed Platforms.Build.0 = Debug_with_Device|Any CPU
		{3AA5AA48-1C06-45CA-9590-460357DAB41E}.Debug_with_Device|Win32.ActiveCfg = Debug_with_Device|Any CPU
		{3AA5AA48-1C06-45CA-9590-460357DAB41E}.Debug_with_Device|Win32.Build.0 = Debug_with_Device|Any CPU
		{3AA5AA48-1C06-45CA-9590-460357DAB41E}.Debug_with_Device|x64.ActiveCfg = Debug_with_Device|Any CPU
		{3AA5AA48-1C06-45CA-9590-460357DAB41E}.Debug_with_Device|x64.Build.0 = Debug_with_Device|Any CPU
		{3AA5AA48-1C06-45CA-9590-460357DAB41E}.Debug_with_Device|x86.ActiveCfg = Debug_with_Device|Any CPU
		{3AA5AA48-1C06-45CA-9590-460357DAB41E}.Debug_with_Device|x86.Build.0 = Debug_with_Device|Any CPU
		{3AA5AA48-1C06-45CA-9590-460357DAB41E}.Debug|Any CPU.ActiveCfg = Debug|Any CPU
		{3AA5AA48-1C06-45CA-9590-460357DAB41E}.Debug|Any CPU.Build.0 = Debug|Any CPU
		{3AA5AA48-1C06-45CA-9590-460357DAB41E}.Debug|ARM.ActiveCfg = Debug|Any CPU
		{3AA5AA48-1C06-45CA-9590-460357DAB41E}.Debug|Mixed Platforms.ActiveCfg = Debug|Any CPU
		{3AA5AA48-1C06-45CA-9590-460357DAB41E}.Debug|Mixed Platforms.Build.0 = Debug|Any CPU
		{3AA5AA48-1C06-45CA-9590-460357DAB41E}.Debug|Win32.ActiveCfg = Debug|Any CPU
		{3AA5AA48-1C06-45CA-9590-460357DAB41E}.Debug|x64.ActiveCfg = Debug|Any CPU
		{3AA5AA48-1C06-45CA-9590-460357DAB41E}.Debug|x86.ActiveCfg = Debug|Any CPU
		{3AA5AA48-1C06-45CA-9590-460357DAB41E}.MinSizeRel|Any CPU.ActiveCfg = Release|Any CPU
		{3AA5AA48-1C06-45CA-9590-460357DAB41E}.MinSizeRel|Any CPU.Build.0 = Release|Any CPU
		{3AA5AA48-1C06-45CA-9590-460357DAB41E}.MinSizeRel|ARM.ActiveCfg = Release|Any CPU
		{3AA5AA48-1C06-45CA-9590-460357DAB41E}.MinSizeRel|Mixed Platforms.ActiveCfg = Release|Any CPU
		{3AA5AA48-1C06-45CA-9590-460357DAB41E}.MinSizeRel|Mixed Platforms.Build.0 = Release|Any CPU
		{3AA5AA48-1C06-45CA-9590-460357DAB41E}.MinSizeRel|Win32.ActiveCfg = Release|Any CPU
		{3AA5AA48-1C06-45CA-9590-460357DAB41E}.MinSizeRel|x64.ActiveCfg = Release|Any CPU
		{3AA5AA48-1C06-45CA-9590-460357DAB41E}.MinSizeRel|x86.ActiveCfg = Release|Any CPU
		{3AA5AA48-1C06-45CA-9590-460357DAB41E}.Release|Any CPU.ActiveCfg = Release|Any CPU
		{3AA5AA48-1C06-45CA-9590-460357DAB41E}.Release|Any CPU.Build.0 = Release|Any CPU
		{3AA5AA48-1C06-45CA-9590-460357DAB41E}.Release|ARM.ActiveCfg = Release|Any CPU
		{3AA5AA48-1C06-45CA-9590-460357DAB41E}.Release|Mixed Platforms.ActiveCfg = Release|Any CPU
		{3AA5AA48-1C06-45CA-9590-460357DAB41E}.Release|Mixed Platforms.Build.0 = Release|Any CPU
		{3AA5AA48-1C06-45CA-9590-460357DAB41E}.Release|Win32.ActiveCfg = Release|Any CPU
		{3AA5AA48-1C06-45CA-9590-460357DAB41E}.Release|x64.ActiveCfg = Release|Any CPU
		{3AA5AA48-1C06-45CA-9590-460357DAB41E}.Release|x86.ActiveCfg = Release|Any CPU
		{3AA5AA48-1C06-45CA-9590-460357DAB41E}.RelWithDebInfo|Any CPU.ActiveCfg = Release|Any CPU
		{3AA5AA48-1C06-45CA-9590-460357DAB41E}.RelWithDebInfo|Any CPU.Build.0 = Release|Any CPU
		{3AA5AA48-1C06-45CA-9590-460357DAB41E}.RelWithDebInfo|ARM.ActiveCfg = Release|Any CPU
		{3AA5AA48-1C06-45CA-9590-460357DAB41E}.RelWithDebInfo|Mixed Platforms.ActiveCfg = Release|Any CPU
		{3AA5AA48-1C06-45CA-9590-460357DAB41E}.RelWithDebInfo|Mixed Platforms.Build.0 = Release|Any CPU
		{3AA5AA48-1C06-45CA-9590-460357DAB41E}.RelWithDebInfo|Win32.ActiveCfg = Release|Any CPU
		{3AA5AA48-1C06-45CA-9590-460357DAB41E}.RelWithDebInfo|x64.ActiveCfg = Release|Any CPU
		{3AA5AA48-1C06-45CA-9590-460357DAB41E}.RelWithDebInfo|x86.ActiveCfg = Release|Any CPU
		{3AA5AA48-1C06-45CA-9590-460357DAB41E}.SingleImage_x64|Any CPU.ActiveCfg = Release|Any CPU
		{3AA5AA48-1C06-45CA-9590-460357DAB41E}.SingleImage_x64|Any CPU.Build.0 = Release|Any CPU
		{3AA5AA48-1C06-45CA-9590-460357DAB41E}.SingleImage_x64|ARM.ActiveCfg = Release|Any CPU
		{3AA5AA48-1C06-45CA-9590-460357DAB41E}.SingleImage_x64|Mixed Platforms.ActiveCfg = Release|Any CPU
		{3AA5AA48-1C06-45CA-9590-460357DAB41E}.SingleImage_x64|Mixed Platforms.Build.0 = Release|Any CPU
		{3AA5AA48-1C06-45CA-9590-460357DAB41E}.SingleImage_x64|Win32.ActiveCfg = Release|Any CPU
		{3AA5AA48-1C06-45CA-9590-460357DAB41E}.SingleImage_x64|x64.ActiveCfg = Release|Any CPU
		{3AA5AA48-1C06-45CA-9590-460357DAB41E}.SingleImage_x64|x86.ActiveCfg = Release|Any CPU
		{C0FD607D-3D15-428A-83E3-E04F1FE1F5B9}.Debug_with_Device|Any CPU.ActiveCfg = Debug_with_Device|Any CPU
		{C0FD607D-3D15-428A-83E3-E04F1FE1F5B9}.Debug_with_Device|Any CPU.Build.0 = Debug_with_Device|Any CPU
		{C0FD607D-3D15-428A-83E3-E04F1FE1F5B9}.Debug_with_Device|ARM.ActiveCfg = Debug_with_Device|Any CPU
		{C0FD607D-3D15-428A-83E3-E04F1FE1F5B9}.Debug_with_Device|ARM.Build.0 = Debug_with_Device|Any CPU
		{C0FD607D-3D15-428A-83E3-E04F1FE1F5B9}.Debug_with_Device|Mixed Platforms.ActiveCfg = Debug_with_Device|Any CPU
		{C0FD607D-3D15-428A-83E3-E04F1FE1F5B9}.Debug_with_Device|Mixed Platforms.Build.0 = Debug_with_Device|Any CPU
		{C0FD607D-3D15-428A-83E3-E04F1FE1F5B9}.Debug_with_Device|Win32.ActiveCfg = Debug_with_Device|Any CPU
		{C0FD607D-3D15-428A-83E3-E04F1FE1F5B9}.Debug_with_Device|Win32.Build.0 = Debug_with_Device|Any CPU
		{C0FD607D-3D15-428A-83E3-E04F1FE1F5B9}.Debug_with_Device|x64.ActiveCfg = Debug_with_Device|Any CPU
		{C0FD607D-3D15-428A-83E3-E04F1FE1F5B9}.Debug_with_Device|x64.Build.0 = Debug_with_Device|Any CPU
		{C0FD607D-3D15-428A-83E3-E04F1FE1F5B9}.Debug_with_Device|x86.ActiveCfg = Debug_with_Device|Any CPU
		{C0FD607D-3D15-428A-83E3-E04F1FE1F5B9}.Debug_with_Device|x86.Build.0 = Debug_with_Device|Any CPU
		{C0FD607D-3D15-428A-83E3-E04F1FE1F5B9}.Debug|Any CPU.ActiveCfg = Debug|Any CPU
		{C0FD607D-3D15-428A-83E3-E04F1FE1F5B9}.Debug|Any CPU.Build.0 = Debug|Any CPU
		{C0FD607D-3D15-428A-83E3-E04F1FE1F5B9}.Debug|ARM.ActiveCfg = Debug|Any CPU
		{C0FD607D-3D15-428A-83E3-E04F1FE1F5B9}.Debug|Mixed Platforms.ActiveCfg = Debug|Any CPU
		{C0FD607D-3D15-428A-83E3-E04F1FE1F5B9}.Debug|Mixed Platforms.Build.0 = Debug|Any CPU
		{C0FD607D-3D15-428A-83E3-E04F1FE1F5B9}.Debug|Win32.ActiveCfg = Debug|Any CPU
		{C0FD607D-3D15-428A-83E3-E04F1FE1F5B9}.Debug|x64.ActiveCfg = Debug|Any CPU
		{C0FD607D-3D15-428A-83E3-E04F1FE1F5B9}.Debug|x86.ActiveCfg = Debug|Any CPU
		{C0FD607D-3D15-428A-83E3-E04F1FE1F5B9}.MinSizeRel|Any CPU.ActiveCfg = Release|Any CPU
		{C0FD607D-3D15-428A-83E3-E04F1FE1F5B9}.MinSizeRel|Any CPU.Build.0 = Release|Any CPU
		{C0FD607D-3D15-428A-83E3-E04F1FE1F5B9}.MinSizeRel|ARM.ActiveCfg = Release|Any CPU
		{C0FD607D-3D15-428A-83E3-E04F1FE1F5B9}.MinSizeRel|Mixed Platforms.ActiveCfg = Release|Any CPU
		{C0FD607D-3D15-428A-83E3-E04F1FE1F5B9}.MinSizeRel|Mixed Platforms.Build.0 = Release|Any CPU
		{C0FD607D-3D15-428A-83E3-E04F1FE1F5B9}.MinSizeRel|Win32.ActiveCfg = Release|Any CPU
		{C0FD607D-3D15-428A-83E3-E04F1FE1F5B9}.MinSizeRel|x64.ActiveCfg = Release|Any CPU
		{C0FD607D-3D15-428A-83E3-E04F1FE1F5B9}.MinSizeRel|x86.ActiveCfg = Release|Any CPU
		{C0FD607D-3D15-428A-83E3-E04F1FE1F5B9}.Release|Any CPU.ActiveCfg = Release|Any CPU
		{C0FD607D-3D15-428A-83E3-E04F1FE1F5B9}.Release|Any CPU.Build.0 = Release|Any CPU
		{C0FD607D-3D15-428A-83E3-E04F1FE1F5B9}.Release|ARM.ActiveCfg = Release|Any CPU
		{C0FD607D-3D15-428A-83E3-E04F1FE1F5B9}.Release|Mixed Platforms.ActiveCfg = Release|Any CPU
		{C0FD607D-3D15-428A-83E3-E04F1FE1F5B9}.Release|Mixed Platforms.Build.0 = Release|Any CPU
		{C0FD607D-3D15-428A-83E3-E04F1FE1F5B9}.Release|Win32.ActiveCfg = Release|Any CPU
		{C0FD607D-3D15-428A-83E3-E04F1FE1F5B9}.Release|x64.ActiveCfg = Release|Any CPU
		{C0FD607D-3D15-428A-83E3-E04F1FE1F5B9}.Release|x86.ActiveCfg = Release|Any CPU
		{C0FD607D-3D15-428A-83E3-E04F1FE1F5B9}.RelWithDebInfo|Any CPU.ActiveCfg = Release|Any CPU
		{C0FD607D-3D15-428A-83E3-E04F1FE1F5B9}.RelWithDebInfo|Any CPU.Build.0 = Release|Any CPU
		{C0FD607D-3D15-428A-83E3-E04F1FE1F5B9}.RelWithDebInfo|ARM.ActiveCfg = Release|Any CPU
		{C0FD607D-3D15-428A-83E3-E04F1FE1F5B9}.RelWithDebInfo|Mixed Platforms.ActiveCfg = Release|Any CPU
		{C0FD607D-3D15-428A-83E3-E04F1FE1F5B9}.RelWithDebInfo|Mixed Platforms.Build.0 = Release|Any CPU
		{C0FD607D-3D15-428A-83E3-E04F1FE1F5B9}.RelWithDebInfo|Win32.ActiveCfg = Release|Any CPU
		{C0FD607D-3D15-428A-83E3-E04F1FE1F5B9}.RelWithDebInfo|x64.ActiveCfg = Release|Any CPU
		{C0FD607D-3D15-428A-83E3-E04F1FE1F5B9}.RelWithDebInfo|x86.ActiveCfg = Release|Any CPU
		{C0FD607D-3D15-428A-83E3-E04F1FE1F5B9}.SingleImage_x64|Any CPU.ActiveCfg = Release|Any CPU
		{C0FD607D-3D15-428A-83E3-E04F1FE1F5B9}.SingleImage_x64|Any CPU.Build.0 = Release|Any CPU
		{C0FD607D-3D15-428A-83E3-E04F1FE1F5B9}.SingleImage_x64|ARM.ActiveCfg = Release|Any CPU
		{C0FD607D-3D15-428A-83E3-E04F1FE1F5B9}.SingleImage_x64|Mixed Platforms.ActiveCfg = Release|Any CPU
		{C0FD607D-3D15-428A-83E3-E04F1FE1F5B9}.SingleImage_x64|Mixed Platforms.Build.0 = Release|Any CPU
		{C0FD607D-3D15-428A-83E3-E04F1FE1F5B9}.SingleImage_x64|Win32.ActiveCfg = Release|Any CPU
		{C0FD607D-3D15-428A-83E3-E04F1FE1F5B9}.SingleImage_x64|x64.ActiveCfg = Release|Any CPU
		{C0FD607D-3D15-428A-83E3-E04F1FE1F5B9}.SingleImage_x64|x86.ActiveCfg = Release|Any CPU
		{3366D52F-103D-4930-AE32-8DCCC3E85A83}.Debug_with_Device|Any CPU.ActiveCfg = Debug_with_Device|Any CPU
		{3366D52F-103D-4930-AE32-8DCCC3E85A83}.Debug_with_Device|Any CPU.Build.0 = Debug_with_Device|Any CPU
		{3366D52F-103D-4930-AE32-8DCCC3E85A83}.Debug_with_Device|ARM.ActiveCfg = Debug_with_Device|Any CPU
		{3366D52F-103D-4930-AE32-8DCCC3E85A83}.Debug_with_Device|ARM.Build.0 = Debug_with_Device|Any CPU
		{3366D52F-103D-4930-AE32-8DCCC3E85A83}.Debug_with_Device|Mixed Platforms.ActiveCfg = Debug_with_Device|Any CPU
		{3366D52F-103D-4930-AE32-8DCCC3E85A83}.Debug_with_Device|Mixed Platforms.Build.0 = Debug_with_Device|Any CPU
		{3366D52F-103D-4930-AE32-8DCCC3E85A83}.Debug_with_Device|Win32.ActiveCfg = Debug_with_Device|Any CPU
		{3366D52F-103D-4930-AE32-8DCCC3E85A83}.Debug_with_Device|Win32.Build.0 = Debug_with_Device|Any CPU
		{3366D52F-103D-4930-AE32-8DCCC3E85A83}.Debug_with_Device|x64.ActiveCfg = Debug_with_Device|Any CPU
		{3366D52F-103D-4930-AE32-8DCCC3E85A83}.Debug_with_Device|x64.Build.0 = Debug_with_Device|Any CPU
		{3366D52F-103D-4930-AE32-8DCCC3E85A83}.Debug_with_Device|x86.ActiveCfg = Debug_with_Device|Any CPU
		{3366D52F-103D-4930-AE32-8DCCC3E85A83}.Debug_with_Device|x86.Build.0 = Debug_with_Device|Any CPU
		{3366D52F-103D-4930-AE32-8DCCC3E85A83}.Debug|Any CPU.ActiveCfg = Debug|Any CPU
		{3366D52F-103D-4930-AE32-8DCCC3E85A83}.Debug|Any CPU.Build.0 = Debug|Any CPU
		{3366D52F-103D-4930-AE32-8DCCC3E85A83}.Debug|ARM.ActiveCfg = Debug|Any CPU
		{3366D52F-103D-4930-AE32-8DCCC3E85A83}.Debug|ARM.Build.0 = Debug|Any CPU
		{3366D52F-103D-4930-AE32-8DCCC3E85A83}.Debug|Mixed Platforms.ActiveCfg = Debug|Any CPU
		{3366D52F-103D-4930-AE32-8DCCC3E85A83}.Debug|Mixed Platforms.Build.0 = Debug|Any CPU
		{3366D52F-103D-4930-AE32-8DCCC3E85A83}.Debug|Win32.ActiveCfg = Debug|Any CPU
		{3366D52F-103D-4930-AE32-8DCCC3E85A83}.Debug|Win32.Build.0 = Debug|Any CPU
		{3366D52F-103D-4930-AE32-8DCCC3E85A83}.Debug|x64.ActiveCfg = Debug|Any CPU
		{3366D52F-103D-4930-AE32-8DCCC3E85A83}.Debug|x64.Build.0 = Debug|Any CPU
		{3366D52F-103D-4930-AE32-8DCCC3E85A83}.Debug|x86.ActiveCfg = Debug|Any CPU
		{3366D52F-103D-4930-AE32-8DCCC3E85A83}.Debug|x86.Build.0 = Debug|Any CPU
		{3366D52F-103D-4930-AE32-8DCCC3E85A83}.MinSizeRel|Any CPU.ActiveCfg = SingleImage_x64|Any CPU
		{3366D52F-103D-4930-AE32-8DCCC3E85A83}.MinSizeRel|Any CPU.Build.0 = SingleImage_x64|Any CPU
		{3366D52F-103D-4930-AE32-8DCCC3E85A83}.MinSizeRel|ARM.ActiveCfg = SingleImage_x64|Any CPU
		{3366D52F-103D-4930-AE32-8DCCC3E85A83}.MinSizeRel|ARM.Build.0 = SingleImage_x64|Any CPU
		{3366D52F-103D-4930-AE32-8DCCC3E85A83}.MinSizeRel|Mixed Platforms.ActiveCfg = SingleImage_x64|Any CPU
		{3366D52F-103D-4930-AE32-8DCCC3E85A83}.MinSizeRel|Mixed Platforms.Build.0 = SingleImage_x64|Any CPU
		{3366D52F-103D-4930-AE32-8DCCC3E85A83}.MinSizeRel|Win32.ActiveCfg = SingleImage_x64|Any CPU
		{3366D52F-103D-4930-AE32-8DCCC3E85A83}.MinSizeRel|Win32.Build.0 = SingleImage_x64|Any CPU
		{3366D52F-103D-4930-AE32-8DCCC3E85A83}.MinSizeRel|x64.ActiveCfg = SingleImage_x64|Any CPU
		{3366D52F-103D-4930-AE32-8DCCC3E85A83}.MinSizeRel|x64.Build.0 = SingleImage_x64|Any CPU
		{3366D52F-103D-4930-AE32-8DCCC3E85A83}.MinSizeRel|x86.ActiveCfg = SingleImage_x64|Any CPU
		{3366D52F-103D-4930-AE32-8DCCC3E85A83}.MinSizeRel|x86.Build.0 = SingleImage_x64|Any CPU
		{3366D52F-103D-4930-AE32-8DCCC3E85A83}.Release|Any CPU.ActiveCfg = Release|Any CPU
		{3366D52F-103D-4930-AE32-8DCCC3E85A83}.Release|Any CPU.Build.0 = Release|Any CPU
		{3366D52F-103D-4930-AE32-8DCCC3E85A83}.Release|ARM.ActiveCfg = Release|Any CPU
		{3366D52F-103D-4930-AE32-8DCCC3E85A83}.Release|ARM.Build.0 = Release|Any CPU
		{3366D52F-103D-4930-AE32-8DCCC3E85A83}.Release|Mixed Platforms.ActiveCfg = Release|Any CPU
		{3366D52F-103D-4930-AE32-8DCCC3E85A83}.Release|Mixed Platforms.Build.0 = Release|Any CPU
		{3366D52F-103D-4930-AE32-8DCCC3E85A83}.Release|Win32.ActiveCfg = Release|Any CPU
		{3366D52F-103D-4930-AE32-8DCCC3E85A83}.Release|Win32.Build.0 = Release|Any CPU
		{3366D52F-103D-4930-AE32-8DCCC3E85A83}.Release|x64.ActiveCfg = Release|Any CPU
		{3366D52F-103D-4930-AE32-8DCCC3E85A83}.Release|x64.Build.0 = Release|Any CPU
		{3366D52F-103D-4930-AE32-8DCCC3E85A83}.Release|x86.ActiveCfg = Release|Any CPU
		{3366D52F-103D-4930-AE32-8DCCC3E85A83}.Release|x86.Build.0 = Release|Any CPU
		{3366D52F-103D-4930-AE32-8DCCC3E85A83}.RelWithDebInfo|Any CPU.ActiveCfg = Release|Any CPU
		{3366D52F-103D-4930-AE32-8DCCC3E85A83}.RelWithDebInfo|Any CPU.Build.0 = Release|Any CPU
		{3366D52F-103D-4930-AE32-8DCCC3E85A83}.RelWithDebInfo|ARM.ActiveCfg = Release|Any CPU
		{3366D52F-103D-4930-AE32-8DCCC3E85A83}.RelWithDebInfo|ARM.Build.0 = Release|Any CPU
		{3366D52F-103D-4930-AE32-8DCCC3E85A83}.RelWithDebInfo|Mixed Platforms.ActiveCfg = Release|Any CPU
		{3366D52F-103D-4930-AE32-8DCCC3E85A83}.RelWithDebInfo|Mixed Platforms.Build.0 = Release|Any CPU
		{3366D52F-103D-4930-AE32-8DCCC3E85A83}.RelWithDebInfo|Win32.ActiveCfg = Release|Any CPU
		{3366D52F-103D-4930-AE32-8DCCC3E85A83}.RelWithDebInfo|Win32.Build.0 = Release|Any CPU
		{3366D52F-103D-4930-AE32-8DCCC3E85A83}.RelWithDebInfo|x64.ActiveCfg = Release|Any CPU
		{3366D52F-103D-4930-AE32-8DCCC3E85A83}.RelWithDebInfo|x64.Build.0 = Release|Any CPU
		{3366D52F-103D-4930-AE32-8DCCC3E85A83}.RelWithDebInfo|x86.ActiveCfg = Release|Any CPU
		{3366D52F-103D-4930-AE32-8DCCC3E85A83}.RelWithDebInfo|x86.Build.0 = Release|Any CPU
		{3366D52F-103D-4930-AE32-8DCCC3E85A83}.SingleImage_x64|Any CPU.ActiveCfg = SingleImage_x64|Any CPU
		{3366D52F-103D-4930-AE32-8DCCC3E85A83}.SingleImage_x64|Any CPU.Build.0 = SingleImage_x64|Any CPU
		{3366D52F-103D-4930-AE32-8DCCC3E85A83}.SingleImage_x64|ARM.ActiveCfg = SingleImage_x64|Any CPU
		{3366D52F-103D-4930-AE32-8DCCC3E85A83}.SingleImage_x64|ARM.Build.0 = SingleImage_x64|Any CPU
		{3366D52F-103D-4930-AE32-8DCCC3E85A83}.SingleImage_x64|Mixed Platforms.ActiveCfg = SingleImage_x64|Any CPU
		{3366D52F-103D-4930-AE32-8DCCC3E85A83}.SingleImage_x64|Mixed Platforms.Build.0 = SingleImage_x64|Any CPU
		{3366D52F-103D-4930-AE32-8DCCC3E85A83}.SingleImage_x64|Win32.ActiveCfg = SingleImage_x64|Any CPU
		{3366D52F-103D-4930-AE32-8DCCC3E85A83}.SingleImage_x64|Win32.Build.0 = SingleImage_x64|Any CPU
		{3366D52F-103D-4930-AE32-8DCCC3E85A83}.SingleImage_x64|x64.ActiveCfg = SingleImage_x64|Any CPU
		{3366D52F-103D-4930-AE32-8DCCC3E85A83}.SingleImage_x64|x64.Build.0 = SingleImage_x64|Any CPU
		{3366D52F-103D-4930-AE32-8DCCC3E85A83}.SingleImage_x64|x86.ActiveCfg = SingleImage_x64|Any CPU
		{3366D52F-103D-4930-AE32-8DCCC3E85A83}.SingleImage_x64|x86.Build.0 = SingleImage_x64|Any CPU
		{FEA59AA7-DCDD-41BE-85DA-85B091D55CF4}.Debug_with_Device|Any CPU.ActiveCfg = Debug_with_Device|Any CPU
		{FEA59AA7-DCDD-41BE-85DA-85B091D55CF4}.Debug_with_Device|Any CPU.Build.0 = Debug_with_Device|Any CPU
		{FEA59AA7-DCDD-41BE-85DA-85B091D55CF4}.Debug_with_Device|ARM.ActiveCfg = Debug_with_Device|Any CPU
		{FEA59AA7-DCDD-41BE-85DA-85B091D55CF4}.Debug_with_Device|ARM.Build.0 = Debug_with_Device|Any CPU
		{FEA59AA7-DCDD-41BE-85DA-85B091D55CF4}.Debug_with_Device|Mixed Platforms.ActiveCfg = Debug_with_Device|Any CPU
		{FEA59AA7-DCDD-41BE-85DA-85B091D55CF4}.Debug_with_Device|Mixed Platforms.Build.0 = Debug_with_Device|Any CPU
		{FEA59AA7-DCDD-41BE-85DA-85B091D55CF4}.Debug_with_Device|Win32.ActiveCfg = Debug_with_Device|Any CPU
		{FEA59AA7-DCDD-41BE-85DA-85B091D55CF4}.Debug_with_Device|Win32.Build.0 = Debug_with_Device|Any CPU
		{FEA59AA7-DCDD-41BE-85DA-85B091D55CF4}.Debug_with_Device|x64.ActiveCfg = Debug_with_Device|Any CPU
		{FEA59AA7-DCDD-41BE-85DA-85B091D55CF4}.Debug_with_Device|x64.Build.0 = Debug_with_Device|Any CPU
		{FEA59AA7-DCDD-41BE-85DA-85B091D55CF4}.Debug_with_Device|x86.ActiveCfg = Debug_with_Device|Any CPU
		{FEA59AA7-DCDD-41BE-85DA-85B091D55CF4}.Debug_with_Device|x86.Build.0 = Debug_with_Device|Any CPU
		{FEA59AA7-DCDD-41BE-85DA-85B091D55CF4}.Debug|Any CPU.ActiveCfg = Debug|Any CPU
		{FEA59AA7-DCDD-41BE-85DA-85B091D55CF4}.Debug|Any CPU.Build.0 = Debug|Any CPU
		{FEA59AA7-DCDD-41BE-85DA-85B091D55CF4}.Debug|ARM.ActiveCfg = Debug|Any CPU
		{FEA59AA7-DCDD-41BE-85DA-85B091D55CF4}.Debug|ARM.Build.0 = Debug|Any CPU
		{FEA59AA7-DCDD-41BE-85DA-85B091D55CF4}.Debug|Mixed Platforms.ActiveCfg = Debug|Any CPU
		{FEA59AA7-DCDD-41BE-85DA-85B091D55CF4}.Debug|Mixed Platforms.Build.0 = Debug|Any CPU
		{FEA59AA7-DCDD-41BE-85DA-85B091D55CF4}.Debug|Win32.ActiveCfg = Debug|Any CPU
		{FEA59AA7-DCDD-41BE-85DA-85B091D55CF4}.Debug|Win32.Build.0 = Debug|Any CPU
		{FEA59AA7-DCDD-41BE-85DA-85B091D55CF4}.Debug|x64.ActiveCfg = Debug|Any CPU
		{FEA59AA7-DCDD-41BE-85DA-85B091D55CF4}.Debug|x64.Build.0 = Debug|Any CPU
		{FEA59AA7-DCDD-41BE-85DA-85B091D55CF4}.Debug|x86.ActiveCfg = Debug|Any CPU
		{FEA59AA7-DCDD-41BE-85DA-85B091D55CF4}.Debug|x86.Build.0 = Debug|Any CPU
		{FEA59AA7-DCDD-41BE-85DA-85B091D55CF4}.MinSizeRel|Any CPU.ActiveCfg = Release|Any CPU
		{FEA59AA7-DCDD-41BE-85DA-85B091D55CF4}.MinSizeRel|Any CPU.Build.0 = Release|Any CPU
		{FEA59AA7-DCDD-41BE-85DA-85B091D55CF4}.MinSizeRel|ARM.ActiveCfg = Release|Any CPU
		{FEA59AA7-DCDD-41BE-85DA-85B091D55CF4}.MinSizeRel|ARM.Build.0 = Release|Any CPU
		{FEA59AA7-DCDD-41BE-85DA-85B091D55CF4}.MinSizeRel|Mixed Platforms.ActiveCfg = Release|Any CPU
		{FEA59AA7-DCDD-41BE-85DA-85B091D55CF4}.MinSizeRel|Mixed Platforms.Build.0 = Release|Any CPU
		{FEA59AA7-DCDD-41BE-85DA-85B091D55CF4}.MinSizeRel|Win32.ActiveCfg = Release|Any CPU
		{FEA59AA7-DCDD-41BE-85DA-85B091D55CF4}.MinSizeRel|Win32.Build.0 = Release|Any CPU
		{FEA59AA7-DCDD-41BE-85DA-85B091D55CF4}.MinSizeRel|x64.ActiveCfg = Release|Any CPU
		{FEA59AA7-DCDD-41BE-85DA-85B091D55CF4}.MinSizeRel|x64.Build.0 = Release|Any CPU
		{FEA59AA7-DCDD-41BE-85DA-85B091D55CF4}.MinSizeRel|x86.ActiveCfg = Release|Any CPU
		{FEA59AA7-DCDD-41BE-85DA-85B091D55CF4}.MinSizeRel|x86.Build.0 = Release|Any CPU
		{FEA59AA7-DCDD-41BE-85DA-85B091D55CF4}.Release|Any CPU.ActiveCfg = Release|Any CPU
		{FEA59AA7-DCDD-41BE-85DA-85B091D55CF4}.Release|Any CPU.Build.0 = Release|Any CPU
		{FEA59AA7-DCDD-41BE-85DA-85B091D55CF4}.Release|ARM.ActiveCfg = Release|Any CPU
		{FEA59AA7-DCDD-41BE-85DA-85B091D55CF4}.Release|ARM.Build.0 = Release|Any CPU
		{FEA59AA7-DCDD-41BE-85DA-85B091D55CF4}.Release|Mixed Platforms.ActiveCfg = Release|Any CPU
		{FEA59AA7-DCDD-41BE-85DA-85B091D55CF4}.Release|Mixed Platforms.Build.0 = Release|Any CPU
		{FEA59AA7-DCDD-41BE-85DA-85B091D55CF4}.Release|Win32.ActiveCfg = Release|Any CPU
		{FEA59AA7-DCDD-41BE-85DA-85B091D55CF4}.Release|Win32.Build.0 = Release|Any CPU
		{FEA59AA7-DCDD-41BE-85DA-85B091D55CF4}.Release|x64.ActiveCfg = Release|Any CPU
		{FEA59AA7-DCDD-41BE-85DA-85B091D55CF4}.Release|x64.Build.0 = Release|Any CPU
		{FEA59AA7-DCDD-41BE-85DA-85B091D55CF4}.Release|x86.ActiveCfg = Release|Any CPU
		{FEA59AA7-DCDD-41BE-85DA-85B091D55CF4}.Release|x86.Build.0 = Release|Any CPU
		{FEA59AA7-DCDD-41BE-85DA-85B091D55CF4}.RelWithDebInfo|Any CPU.ActiveCfg = Release|Any CPU
		{FEA59AA7-DCDD-41BE-85DA-85B091D55CF4}.RelWithDebInfo|Any CPU.Build.0 = Release|Any CPU
		{FEA59AA7-DCDD-41BE-85DA-85B091D55CF4}.RelWithDebInfo|ARM.ActiveCfg = Release|Any CPU
		{FEA59AA7-DCDD-41BE-85DA-85B091D55CF4}.RelWithDebInfo|ARM.Build.0 = Release|Any CPU
		{FEA59AA7-DCDD-41BE-85DA-85B091D55CF4}.RelWithDebInfo|Mixed Platforms.ActiveCfg = Release|Any CPU
		{FEA59AA7-DCDD-41BE-85DA-85B091D55CF4}.RelWithDebInfo|Mixed Platforms.Build.0 = Release|Any CPU
		{FEA59AA7-DCDD-41BE-85DA-85B091D55CF4}.RelWithDebInfo|Win32.ActiveCfg = Release|Any CPU
		{FEA59AA7-DCDD-41BE-85DA-85B091D55CF4}.RelWithDebInfo|Win32.Build.0 = Release|Any CPU
		{FEA59AA7-DCDD-41BE-85DA-85B091D55CF4}.RelWithDebInfo|x64.ActiveCfg = Release|Any CPU
		{FEA59AA7-DCDD-41BE-85DA-85B091D55CF4}.RelWithDebInfo|x64.Build.0 = Release|Any CPU
		{FEA59AA7-DCDD-41BE-85DA-85B091D55CF4}.RelWithDebInfo|x86.ActiveCfg = Release|Any CPU
		{FEA59AA7-DCDD-41BE-85DA-85B091D55CF4}.RelWithDebInfo|x86.Build.0 = Release|Any CPU
		{FEA59AA7-DCDD-41BE-85DA-85B091D55CF4}.SingleImage_x64|Any CPU.ActiveCfg = Release|Any CPU
		{FEA59AA7-DCDD-41BE-85DA-85B091D55CF4}.SingleImage_x64|Any CPU.Build.0 = Release|Any CPU
		{FEA59AA7-DCDD-41BE-85DA-85B091D55CF4}.SingleImage_x64|ARM.ActiveCfg = Release|Any CPU
		{FEA59AA7-DCDD-41BE-85DA-85B091D55CF4}.SingleImage_x64|ARM.Build.0 = Release|Any CPU
		{FEA59AA7-DCDD-41BE-85DA-85B091D55CF4}.SingleImage_x64|Mixed Platforms.ActiveCfg = Release|Any CPU
		{FEA59AA7-DCDD-41BE-85DA-85B091D55CF4}.SingleImage_x64|Mixed Platforms.Build.0 = Release|Any CPU
		{FEA59AA7-DCDD-41BE-85DA-85B091D55CF4}.SingleImage_x64|Win32.ActiveCfg = Release|Any CPU
		{FEA59AA7-DCDD-41BE-85DA-85B091D55CF4}.SingleImage_x64|Win32.Build.0 = Release|Any CPU
		{FEA59AA7-DCDD-41BE-85DA-85B091D55CF4}.SingleImage_x64|x64.ActiveCfg = Release|Any CPU
		{FEA59AA7-DCDD-41BE-85DA-85B091D55CF4}.SingleImage_x64|x64.Build.0 = Release|Any CPU
		{FEA59AA7-DCDD-41BE-85DA-85B091D55CF4}.SingleImage_x64|x86.ActiveCfg = Release|Any CPU
		{FEA59AA7-DCDD-41BE-85DA-85B091D55CF4}.SingleImage_x64|x86.Build.0 = Release|Any CPU
		{E095BA5D-B020-4056-B4D4-BCBA59208616}.Debug_with_Device|Any CPU.ActiveCfg = Debug_with_Device|Any CPU
		{E095BA5D-B020-4056-B4D4-BCBA59208616}.Debug_with_Device|Any CPU.Build.0 = Debug_with_Device|Any CPU
		{E095BA5D-B020-4056-B4D4-BCBA59208616}.Debug_with_Device|ARM.ActiveCfg = Debug_with_Device|Any CPU
		{E095BA5D-B020-4056-B4D4-BCBA59208616}.Debug_with_Device|ARM.Build.0 = Debug_with_Device|Any CPU
		{E095BA5D-B020-4056-B4D4-BCBA59208616}.Debug_with_Device|Mixed Platforms.ActiveCfg = Debug_with_Device|Any CPU
		{E095BA5D-B020-4056-B4D4-BCBA59208616}.Debug_with_Device|Mixed Platforms.Build.0 = Debug_with_Device|Any CPU
		{E095BA5D-B020-4056-B4D4-BCBA59208616}.Debug_with_Device|Win32.ActiveCfg = Debug_with_Device|Any CPU
		{E095BA5D-B020-4056-B4D4-BCBA59208616}.Debug_with_Device|Win32.Build.0 = Debug_with_Device|Any CPU
		{E095BA5D-B020-4056-B4D4-BCBA59208616}.Debug_with_Device|x64.ActiveCfg = Debug_with_Device|Any CPU
		{E095BA5D-B020-4056-B4D4-BCBA59208616}.Debug_with_Device|x64.Build.0 = Debug_with_Device|Any CPU
		{E095BA5D-B020-4056-B4D4-BCBA59208616}.Debug_with_Device|x86.ActiveCfg = Debug_with_Device|Any CPU
		{E095BA5D-B020-4056-B4D4-BCBA59208616}.Debug_with_Device|x86.Build.0 = Debug_with_Device|Any CPU
		{E095BA5D-B020-4056-B4D4-BCBA59208616}.Debug|Any CPU.ActiveCfg = Debug|Any CPU
		{E095BA5D-B020-4056-B4D4-BCBA59208616}.Debug|Any CPU.Build.0 = Debug|Any CPU
		{E095BA5D-B020-4056-B4D4-BCBA59208616}.Debug|ARM.ActiveCfg = Debug|Any CPU
		{E095BA5D-B020-4056-B4D4-BCBA59208616}.Debug|ARM.Build.0 = Debug|Any CPU
		{E095BA5D-B020-4056-B4D4-BCBA59208616}.Debug|Mixed Platforms.ActiveCfg = Debug|Any CPU
		{E095BA5D-B020-4056-B4D4-BCBA59208616}.Debug|Mixed Platforms.Build.0 = Debug|Any CPU
		{E095BA5D-B020-4056-B4D4-BCBA59208616}.Debug|Win32.ActiveCfg = Debug|Any CPU
		{E095BA5D-B020-4056-B4D4-BCBA59208616}.Debug|Win32.Build.0 = Debug|Any CPU
		{E095BA5D-B020-4056-B4D4-BCBA59208616}.Debug|x64.ActiveCfg = Debug|Any CPU
		{E095BA5D-B020-4056-B4D4-BCBA59208616}.Debug|x64.Build.0 = Debug|Any CPU
		{E095BA5D-B020-4056-B4D4-BCBA59208616}.Debug|x86.ActiveCfg = Debug|Any CPU
		{E095BA5D-B020-4056-B4D4-BCBA59208616}.Debug|x86.Build.0 = Debug|Any CPU
		{E095BA5D-B020-4056-B4D4-BCBA59208616}.MinSizeRel|Any CPU.ActiveCfg = Release|Any CPU
		{E095BA5D-B020-4056-B4D4-BCBA59208616}.MinSizeRel|Any CPU.Build.0 = Release|Any CPU
		{E095BA5D-B020-4056-B4D4-BCBA59208616}.MinSizeRel|ARM.ActiveCfg = Release|Any CPU
		{E095BA5D-B020-4056-B4D4-BCBA59208616}.MinSizeRel|ARM.Build.0 = Release|Any CPU
		{E095BA5D-B020-4056-B4D4-BCBA59208616}.MinSizeRel|Mixed Platforms.ActiveCfg = Release|Any CPU
		{E095BA5D-B020-4056-B4D4-BCBA59208616}.MinSizeRel|Mixed Platforms.Build.0 = Release|Any CPU
		{E095BA5D-B020-4056-B4D4-BCBA59208616}.MinSizeRel|Win32.ActiveCfg = Release|Any CPU
		{E095BA5D-B020-4056-B4D4-BCBA59208616}.MinSizeRel|Win32.Build.0 = Release|Any CPU
		{E095BA5D-B020-4056-B4D4-BCBA59208616}.MinSizeRel|x64.ActiveCfg = Release|Any CPU
		{E095BA5D-B020-4056-B4D4-BCBA59208616}.MinSizeRel|x64.Build.0 = Release|Any CPU
		{E095BA5D-B020-4056-B4D4-BCBA59208616}.MinSizeRel|x86.ActiveCfg = Release|Any CPU
		{E095BA5D-B020-4056-B4D4-BCBA59208616}.MinSizeRel|x86.Build.0 = Release|Any CPU
		{E095BA5D-B020-4056-B4D4-BCBA59208616}.Release|Any CPU.ActiveCfg = Release|Any CPU
		{E095BA5D-B020-4056-B4D4-BCBA59208616}.Release|Any CPU.Build.0 = Release|Any CPU
		{E095BA5D-B020-4056-B4D4-BCBA59208616}.Release|ARM.ActiveCfg = Release|Any CPU
		{E095BA5D-B020-4056-B4D4-BCBA59208616}.Release|ARM.Build.0 = Release|Any CPU
		{E095BA5D-B020-4056-B4D4-BCBA59208616}.Release|Mixed Platforms.ActiveCfg = Release|Any CPU
		{E095BA5D-B020-4056-B4D4-BCBA59208616}.Release|Mixed Platforms.Build.0 = Release|Any CPU
		{E095BA5D-B020-4056-B4D4-BCBA59208616}.Release|Win32.ActiveCfg = Release|Any CPU
		{E095BA5D-B020-4056-B4D4-BCBA59208616}.Release|Win32.Build.0 = Release|Any CPU
		{E095BA5D-B020-4056-B4D4-BCBA59208616}.Release|x64.ActiveCfg = Release|Any CPU
		{E095BA5D-B020-4056-B4D4-BCBA59208616}.Release|x64.Build.0 = Release|Any CPU
		{E095BA5D-B020-4056-B4D4-BCBA59208616}.Release|x86.ActiveCfg = Release|Any CPU
		{E095BA5D-B020-4056-B4D4-BCBA59208616}.Release|x86.Build.0 = Release|Any CPU
		{E095BA5D-B020-4056-B4D4-BCBA59208616}.RelWithDebInfo|Any CPU.ActiveCfg = Release|Any CPU
		{E095BA5D-B020-4056-B4D4-BCBA59208616}.RelWithDebInfo|Any CPU.Build.0 = Release|Any CPU
		{E095BA5D-B020-4056-B4D4-BCBA59208616}.RelWithDebInfo|ARM.ActiveCfg = Release|Any CPU
		{E095BA5D-B020-4056-B4D4-BCBA59208616}.RelWithDebInfo|ARM.Build.0 = Release|Any CPU
		{E095BA5D-B020-4056-B4D4-BCBA59208616}.RelWithDebInfo|Mixed Platforms.ActiveCfg = Release|Any CPU
		{E095BA5D-B020-4056-B4D4-BCBA59208616}.RelWithDebInfo|Mixed Platforms.Build.0 = Release|Any CPU
		{E095BA5D-B020-4056-B4D4-BCBA59208616}.RelWithDebInfo|Win32.ActiveCfg = Release|Any CPU
		{E095BA5D-B020-4056-B4D4-BCBA59208616}.RelWithDebInfo|Win32.Build.0 = Release|Any CPU
		{E095BA5D-B020-4056-B4D4-BCBA59208616}.RelWithDebInfo|x64.ActiveCfg = Release|Any CPU
		{E095BA5D-B020-4056-B4D4-BCBA59208616}.RelWithDebInfo|x64.Build.0 = Release|Any CPU
		{E095BA5D-B020-4056-B4D4-BCBA59208616}.RelWithDebInfo|x86.ActiveCfg = Release|Any CPU
		{E095BA5D-B020-4056-B4D4-BCBA59208616}.RelWithDebInfo|x86.Build.0 = Release|Any CPU
		{E095BA5D-B020-4056-B4D4-BCBA59208616}.SingleImage_x64|Any CPU.ActiveCfg = Release|Any CPU
		{E095BA5D-B020-4056-B4D4-BCBA59208616}.SingleImage_x64|Any CPU.Build.0 = Release|Any CPU
		{E095BA5D-B020-4056-B4D4-BCBA59208616}.SingleImage_x64|ARM.ActiveCfg = Release|Any CPU
		{E095BA5D-B020-4056-B4D4-BCBA59208616}.SingleImage_x64|ARM.Build.0 = Release|Any CPU
		{E095BA5D-B020-4056-B4D4-BCBA59208616}.SingleImage_x64|Mixed Platforms.ActiveCfg = Release|Any CPU
		{E095BA5D-B020-4056-B4D4-BCBA59208616}.SingleImage_x64|Mixed Platforms.Build.0 = Release|Any CPU
		{E095BA5D-B020-4056-B4D4-BCBA59208616}.SingleImage_x64|Win32.ActiveCfg = Release|Any CPU
		{E095BA5D-B020-4056-B4D4-BCBA59208616}.SingleImage_x64|Win32.Build.0 = Release|Any CPU
		{E095BA5D-B020-4056-B4D4-BCBA59208616}.SingleImage_x64|x64.ActiveCfg = Release|Any CPU
		{E095BA5D-B020-4056-B4D4-BCBA59208616}.SingleImage_x64|x64.Build.0 = Release|Any CPU
		{E095BA5D-B020-4056-B4D4-BCBA59208616}.SingleImage_x64|x86.ActiveCfg = Release|Any CPU
		{E095BA5D-B020-4056-B4D4-BCBA59208616}.SingleImage_x64|x86.Build.0 = Release|Any CPU
		{70070E3D-6896-4DD3-B7AA-BE5052C57E2B}.Debug_with_Device|Any CPU.ActiveCfg = Debug|Any CPU
		{70070E3D-6896-4DD3-B7AA-BE5052C57E2B}.Debug_with_Device|ARM.ActiveCfg = Debug|Any CPU
		{70070E3D-6896-4DD3-B7AA-BE5052C57E2B}.Debug_with_Device|Mixed Platforms.ActiveCfg = Debug|Any CPU
		{70070E3D-6896-4DD3-B7AA-BE5052C57E2B}.Debug_with_Device|Win32.ActiveCfg = Debug|Any CPU
		{70070E3D-6896-4DD3-B7AA-BE5052C57E2B}.Debug_with_Device|x64.ActiveCfg = Debug|Any CPU
		{70070E3D-6896-4DD3-B7AA-BE5052C57E2B}.Debug_with_Device|x86.ActiveCfg = Debug|Any CPU
		{70070E3D-6896-4DD3-B7AA-BE5052C57E2B}.Debug|Any CPU.ActiveCfg = Debug|Any CPU
		{70070E3D-6896-4DD3-B7AA-BE5052C57E2B}.Debug|ARM.ActiveCfg = Debug|Any CPU
		{70070E3D-6896-4DD3-B7AA-BE5052C57E2B}.Debug|Mixed Platforms.ActiveCfg = Debug|Any CPU
		{70070E3D-6896-4DD3-B7AA-BE5052C57E2B}.Debug|Win32.ActiveCfg = Debug|Any CPU
		{70070E3D-6896-4DD3-B7AA-BE5052C57E2B}.Debug|x64.ActiveCfg = Debug|Any CPU
		{70070E3D-6896-4DD3-B7AA-BE5052C57E2B}.Debug|x86.ActiveCfg = Debug|Any CPU
		{70070E3D-6896-4DD3-B7AA-BE5052C57E2B}.MinSizeRel|Any CPU.ActiveCfg = Release|Any CPU
		{70070E3D-6896-4DD3-B7AA-BE5052C57E2B}.MinSizeRel|ARM.ActiveCfg = Release|Any CPU
		{70070E3D-6896-4DD3-B7AA-BE5052C57E2B}.MinSizeRel|Mixed Platforms.ActiveCfg = Release|Any CPU
		{70070E3D-6896-4DD3-B7AA-BE5052C57E2B}.MinSizeRel|Win32.ActiveCfg = Release|Any CPU
		{70070E3D-6896-4DD3-B7AA-BE5052C57E2B}.MinSizeRel|x64.ActiveCfg = Release|Any CPU
		{70070E3D-6896-4DD3-B7AA-BE5052C57E2B}.MinSizeRel|x86.ActiveCfg = Release|Any CPU
		{70070E3D-6896-4DD3-B7AA-BE5052C57E2B}.Release|Any CPU.ActiveCfg = Release|Any CPU
		{70070E3D-6896-4DD3-B7AA-BE5052C57E2B}.Release|ARM.ActiveCfg = Release|Any CPU
		{70070E3D-6896-4DD3-B7AA-BE5052C57E2B}.Release|Mixed Platforms.ActiveCfg = Release|Any CPU
		{70070E3D-6896-4DD3-B7AA-BE5052C57E2B}.Release|Win32.ActiveCfg = Release|Any CPU
		{70070E3D-6896-4DD3-B7AA-BE5052C57E2B}.Release|x64.ActiveCfg = Release|Any CPU
		{70070E3D-6896-4DD3-B7AA-BE5052C57E2B}.Release|x86.ActiveCfg = Release|Any CPU
		{70070E3D-6896-4DD3-B7AA-BE5052C57E2B}.RelWithDebInfo|Any CPU.ActiveCfg = Release|Any CPU
		{70070E3D-6896-4DD3-B7AA-BE5052C57E2B}.RelWithDebInfo|ARM.ActiveCfg = Release|Any CPU
		{70070E3D-6896-4DD3-B7AA-BE5052C57E2B}.RelWithDebInfo|Mixed Platforms.ActiveCfg = Release|Any CPU
		{70070E3D-6896-4DD3-B7AA-BE5052C57E2B}.RelWithDebInfo|Win32.ActiveCfg = Release|Any CPU
		{70070E3D-6896-4DD3-B7AA-BE5052C57E2B}.RelWithDebInfo|x64.ActiveCfg = Release|Any CPU
		{70070E3D-6896-4DD3-B7AA-BE5052C57E2B}.RelWithDebInfo|x86.ActiveCfg = Release|Any CPU
		{70070E3D-6896-4DD3-B7AA-BE5052C57E2B}.SingleImage_x64|Any CPU.ActiveCfg = Release|Any CPU
		{70070E3D-6896-4DD3-B7AA-BE5052C57E2B}.SingleImage_x64|ARM.ActiveCfg = Release|Any CPU
		{70070E3D-6896-4DD3-B7AA-BE5052C57E2B}.SingleImage_x64|Mixed Platforms.ActiveCfg = Release|Any CPU
		{70070E3D-6896-4DD3-B7AA-BE5052C57E2B}.SingleImage_x64|Win32.ActiveCfg = Release|Any CPU
		{70070E3D-6896-4DD3-B7AA-BE5052C57E2B}.SingleImage_x64|x64.ActiveCfg = Release|Any CPU
		{70070E3D-6896-4DD3-B7AA-BE5052C57E2B}.SingleImage_x64|x86.ActiveCfg = Release|Any CPU
	EndGlobalSection
	GlobalSection(SolutionProperties) = preSolution
		HideSolutionNode = FALSE
	EndGlobalSection
EndGlobal
