Microsoft Visual Studio Solution File, Format Version 12.00
# Visual Studio 14
Project("{8BC9CEB8-8B4A-11D0-8D11-00A0C91BC942}") = "ALL_BUILD", "ALL_BUILD.vcxproj", "{F71CD036-F463-4615-968D-DBBCF50E50B5}"
	ProjectSection(ProjectDependencies) = postProject
		{2D833848-E81D-461C-81DF-5A5FA9FC04DE} = {2D833848-E81D-461C-81DF-5A5FA9FC04DE}
		{86B8FE9D-261E-492E-8C53-EC215B6A6494} = {86B8FE9D-261E-492E-8C53-EC215B6A6494}
	EndProjectSection
EndProject
Project("{8BC9CEB8-8B4A-11D0-8D11-00A0C91BC942}") = "ITKImageRegistration", "ITKImageRegistration.vcxproj", "{2D833848-E81D-461C-81DF-5A5FA9FC04DE}"
	ProjectSection(ProjectDependencies) = postProject
		{86B8FE9D-261E-492E-8C53-EC215B6A6494} = {86B8FE9D-261E-492E-8C53-EC215B6A6494}
	EndProjectSection
EndProject
Project("{8BC9CEB8-8B4A-11D0-8D11-00A0C91BC942}") = "ZERO_CHECK", "ZERO_CHECK.vcxproj", "{86B8FE9D-261E-492E-8C53-EC215B6A6494}"
	ProjectSection(ProjectDependencies) = postProject
	EndProjectSection
EndProject
Global
	GlobalSection(SolutionConfigurationPlatforms) = preSolution
		Debug|Win32 = Debug|Win32
		Release|Win32 = Release|Win32
		MinSizeRel|Win32 = MinSizeRel|Win32
		RelWithDebInfo|Win32 = RelWithDebInfo|Win32
	EndGlobalSection
	GlobalSection(ProjectConfigurationPlatforms) = postSolution
		{F71CD036-F463-4615-968D-DBBCF50E50B5}.Debug|Win32.ActiveCfg = Debug|Win32
		{F71CD036-F463-4615-968D-DBBCF50E50B5}.Release|Win32.ActiveCfg = Release|Win32
		{F71CD036-F463-4615-968D-DBBCF50E50B5}.MinSizeRel|Win32.ActiveCfg = MinSizeRel|Win32
		{F71CD036-F463-4615-968D-DBBCF50E50B5}.RelWithDebInfo|Win32.ActiveCfg = RelWithDebInfo|Win32
		{2D833848-E81D-461C-81DF-5A5FA9FC04DE}.Debug|Win32.ActiveCfg = Debug|Win32
		{2D833848-E81D-461C-81DF-5A5FA9FC04DE}.Debug|Win32.Build.0 = Debug|Win32
		{2D833848-E81D-461C-81DF-5A5FA9FC04DE}.Release|Win32.ActiveCfg = Release|Win32
		{2D833848-E81D-461C-81DF-5A5FA9FC04DE}.Release|Win32.Build.0 = Release|Win32
		{2D833848-E81D-461C-81DF-5A5FA9FC04DE}.MinSizeRel|Win32.ActiveCfg = MinSizeRel|Win32
		{2D833848-E81D-461C-81DF-5A5FA9FC04DE}.MinSizeRel|Win32.Build.0 = MinSizeRel|Win32
		{2D833848-E81D-461C-81DF-5A5FA9FC04DE}.RelWithDebInfo|Win32.ActiveCfg = RelWithDebInfo|Win32
		{2D833848-E81D-461C-81DF-5A5FA9FC04DE}.RelWithDebInfo|Win32.Build.0 = RelWithDebInfo|Win32
		{86B8FE9D-261E-492E-8C53-EC215B6A6494}.Debug|Win32.ActiveCfg = Debug|Win32
		{86B8FE9D-261E-492E-8C53-EC215B6A6494}.Debug|Win32.Build.0 = Debug|Win32
		{86B8FE9D-261E-492E-8C53-EC215B6A6494}.Release|Win32.ActiveCfg = Release|Win32
		{86B8FE9D-261E-492E-8C53-EC215B6A6494}.Release|Win32.Build.0 = Release|Win32
		{86B8FE9D-261E-492E-8C53-EC215B6A6494}.MinSizeRel|Win32.ActiveCfg = MinSizeRel|Win32
		{86B8FE9D-261E-492E-8C53-EC215B6A6494}.MinSizeRel|Win32.Build.0 = MinSizeRel|Win32
		{86B8FE9D-261E-492E-8C53-EC215B6A6494}.RelWithDebInfo|Win32.ActiveCfg = RelWithDebInfo|Win32
		{86B8FE9D-261E-492E-8C53-EC215B6A6494}.RelWithDebInfo|Win32.Build.0 = RelWithDebInfo|Win32
	EndGlobalSection
	GlobalSection(ExtensibilityGlobals) = postSolution
	EndGlobalSection
	GlobalSection(ExtensibilityAddIns) = postSolution
	EndGlobalSection
EndGlobal
