Microsoft Visual Studio Solution File, Format Version 12.00
# Visual Studio 14
Project("{8BC9CEB8-8B4A-11D0-8D11-00A0C91BC942}") = "ALL_BUILD", "ALL_BUILD.vcxproj", "{21C9A7ED-4227-418D-BE35-B93EDA1916A6}"
	ProjectSection(ProjectDependencies) = postProject
		{174CE9D2-B820-47DC-AEE6-3882301F9A15} = {174CE9D2-B820-47DC-AEE6-3882301F9A15}
		{C5E4A08A-C54C-4B57-832D-D72C181ED155} = {C5E4A08A-C54C-4B57-832D-D72C181ED155}
	EndProjectSection
EndProject
Project("{8BC9CEB8-8B4A-11D0-8D11-00A0C91BC942}") = "ITKImageRegistration", "ITKImageRegistration.vcxproj", "{174CE9D2-B820-47DC-AEE6-3882301F9A15}"
	ProjectSection(ProjectDependencies) = postProject
		{C5E4A08A-C54C-4B57-832D-D72C181ED155} = {C5E4A08A-C54C-4B57-832D-D72C181ED155}
	EndProjectSection
EndProject
Project("{8BC9CEB8-8B4A-11D0-8D11-00A0C91BC942}") = "ZERO_CHECK", "ZERO_CHECK.vcxproj", "{C5E4A08A-C54C-4B57-832D-D72C181ED155}"
	ProjectSection(ProjectDependencies) = postProject
	EndProjectSection
EndProject
Global
	GlobalSection(SolutionConfigurationPlatforms) = preSolution
		Debug|Win32 = Debug|Win32
		Release|Win32 = Release|Win32
		MinSizeRel|Win32 = MinSizeRel|Win32
		RelWithDebInfo|Win32 = RelWithDebInfo|Win32
	EndGlobalSection
	GlobalSection(ProjectConfigurationPlatforms) = postSolution
		{21C9A7ED-4227-418D-BE35-B93EDA1916A6}.Debug|Win32.ActiveCfg = Debug|Win32
		{21C9A7ED-4227-418D-BE35-B93EDA1916A6}.Release|Win32.ActiveCfg = Release|Win32
		{21C9A7ED-4227-418D-BE35-B93EDA1916A6}.MinSizeRel|Win32.ActiveCfg = MinSizeRel|Win32
		{21C9A7ED-4227-418D-BE35-B93EDA1916A6}.RelWithDebInfo|Win32.ActiveCfg = RelWithDebInfo|Win32
		{174CE9D2-B820-47DC-AEE6-3882301F9A15}.Debug|Win32.ActiveCfg = Debug|Win32
		{174CE9D2-B820-47DC-AEE6-3882301F9A15}.Debug|Win32.Build.0 = Debug|Win32
		{174CE9D2-B820-47DC-AEE6-3882301F9A15}.Release|Win32.ActiveCfg = Release|Win32
		{174CE9D2-B820-47DC-AEE6-3882301F9A15}.Release|Win32.Build.0 = Release|Win32
		{174CE9D2-B820-47DC-AEE6-3882301F9A15}.MinSizeRel|Win32.ActiveCfg = MinSizeRel|Win32
		{174CE9D2-B820-47DC-AEE6-3882301F9A15}.MinSizeRel|Win32.Build.0 = MinSizeRel|Win32
		{174CE9D2-B820-47DC-AEE6-3882301F9A15}.RelWithDebInfo|Win32.ActiveCfg = RelWithDebInfo|Win32
		{174CE9D2-B820-47DC-AEE6-3882301F9A15}.RelWithDebInfo|Win32.Build.0 = RelWithDebInfo|Win32
		{C5E4A08A-C54C-4B57-832D-D72C181ED155}.Debug|Win32.ActiveCfg = Debug|Win32
		{C5E4A08A-C54C-4B57-832D-D72C181ED155}.Debug|Win32.Build.0 = Debug|Win32
		{C5E4A08A-C54C-4B57-832D-D72C181ED155}.Release|Win32.ActiveCfg = Release|Win32
		{C5E4A08A-C54C-4B57-832D-D72C181ED155}.Release|Win32.Build.0 = Release|Win32
		{C5E4A08A-C54C-4B57-832D-D72C181ED155}.MinSizeRel|Win32.ActiveCfg = MinSizeRel|Win32
		{C5E4A08A-C54C-4B57-832D-D72C181ED155}.MinSizeRel|Win32.Build.0 = MinSizeRel|Win32
		{C5E4A08A-C54C-4B57-832D-D72C181ED155}.RelWithDebInfo|Win32.ActiveCfg = RelWithDebInfo|Win32
		{C5E4A08A-C54C-4B57-832D-D72C181ED155}.RelWithDebInfo|Win32.Build.0 = RelWithDebInfo|Win32
	EndGlobalSection
	GlobalSection(ExtensibilityGlobals) = postSolution
	EndGlobalSection
	GlobalSection(ExtensibilityAddIns) = postSolution
	EndGlobalSection
EndGlobal
