Microsoft Visual Studio Solution File, Format Version 12.00
# Visual Studio 14
Project("{8BC9CEB8-8B4A-11D0-8D11-00A0C91BC942}") = "ALL_BUILD", "ALL_BUILD.vcxproj", "{BCD86575-DDBE-4738-8234-3F47D40F0456}"
	ProjectSection(ProjectDependencies) = postProject
		{E5640105-FD2C-4C43-932E-6EE0D384E834} = {E5640105-FD2C-4C43-932E-6EE0D384E834}
		{70030AB8-02F5-4258-AB90-8E6C14F21106} = {70030AB8-02F5-4258-AB90-8E6C14F21106}
	EndProjectSection
EndProject
Project("{8BC9CEB8-8B4A-11D0-8D11-00A0C91BC942}") = "ITKImageRegistration", "ITKImageRegistration.vcxproj", "{E5640105-FD2C-4C43-932E-6EE0D384E834}"
	ProjectSection(ProjectDependencies) = postProject
		{70030AB8-02F5-4258-AB90-8E6C14F21106} = {70030AB8-02F5-4258-AB90-8E6C14F21106}
	EndProjectSection
EndProject
Project("{8BC9CEB8-8B4A-11D0-8D11-00A0C91BC942}") = "ZERO_CHECK", "ZERO_CHECK.vcxproj", "{70030AB8-02F5-4258-AB90-8E6C14F21106}"
	ProjectSection(ProjectDependencies) = postProject
	EndProjectSection
EndProject
Global
	GlobalSection(SolutionConfigurationPlatforms) = preSolution
		Debug|Win32 = Debug|Win32
		Release|Win32 = Release|Win32
		MinSizeRel|Win32 = MinSizeRel|Win32
		RelWithDebInfo|Win32 = RelWithDebInfo|Win32
	EndGlobalSection
	GlobalSection(ProjectConfigurationPlatforms) = postSolution
		{BCD86575-DDBE-4738-8234-3F47D40F0456}.Debug|Win32.ActiveCfg = Debug|Win32
		{BCD86575-DDBE-4738-8234-3F47D40F0456}.Release|Win32.ActiveCfg = Release|Win32
		{BCD86575-DDBE-4738-8234-3F47D40F0456}.MinSizeRel|Win32.ActiveCfg = MinSizeRel|Win32
		{BCD86575-DDBE-4738-8234-3F47D40F0456}.RelWithDebInfo|Win32.ActiveCfg = RelWithDebInfo|Win32
		{E5640105-FD2C-4C43-932E-6EE0D384E834}.Debug|Win32.ActiveCfg = Debug|Win32
		{E5640105-FD2C-4C43-932E-6EE0D384E834}.Debug|Win32.Build.0 = Debug|Win32
		{E5640105-FD2C-4C43-932E-6EE0D384E834}.Release|Win32.ActiveCfg = Release|Win32
		{E5640105-FD2C-4C43-932E-6EE0D384E834}.Release|Win32.Build.0 = Release|Win32
		{E5640105-FD2C-4C43-932E-6EE0D384E834}.MinSizeRel|Win32.ActiveCfg = MinSizeRel|Win32
		{E5640105-FD2C-4C43-932E-6EE0D384E834}.MinSizeRel|Win32.Build.0 = MinSizeRel|Win32
		{E5640105-FD2C-4C43-932E-6EE0D384E834}.RelWithDebInfo|Win32.ActiveCfg = RelWithDebInfo|Win32
		{E5640105-FD2C-4C43-932E-6EE0D384E834}.RelWithDebInfo|Win32.Build.0 = RelWithDebInfo|Win32
		{70030AB8-02F5-4258-AB90-8E6C14F21106}.Debug|Win32.ActiveCfg = Debug|Win32
		{70030AB8-02F5-4258-AB90-8E6C14F21106}.Debug|Win32.Build.0 = Debug|Win32
		{70030AB8-02F5-4258-AB90-8E6C14F21106}.Release|Win32.ActiveCfg = Release|Win32
		{70030AB8-02F5-4258-AB90-8E6C14F21106}.Release|Win32.Build.0 = Release|Win32
		{70030AB8-02F5-4258-AB90-8E6C14F21106}.MinSizeRel|Win32.ActiveCfg = MinSizeRel|Win32
		{70030AB8-02F5-4258-AB90-8E6C14F21106}.MinSizeRel|Win32.Build.0 = MinSizeRel|Win32
		{70030AB8-02F5-4258-AB90-8E6C14F21106}.RelWithDebInfo|Win32.ActiveCfg = RelWithDebInfo|Win32
		{70030AB8-02F5-4258-AB90-8E6C14F21106}.RelWithDebInfo|Win32.Build.0 = RelWithDebInfo|Win32
	EndGlobalSection
	GlobalSection(ExtensibilityGlobals) = postSolution
	EndGlobalSection
	GlobalSection(ExtensibilityAddIns) = postSolution
	EndGlobalSection
EndGlobal
