<?xml version="1.0" encoding="UTF-8"?>
<Project ToolsVersion="14.0" xmlns="http://schemas.microsoft.com/developer/msbuild/2003">
  <ItemGroup>
    <CustomBuild Include="E:\Users\jayt\Source\Repos\ImagingSIMS3\ITKImageRegistration\CMakeFiles\9476ca6046161287262f3ba2d912d441\generate.stamp.rule">
      <Filter>CMake Rules</Filter>
    </CustomBuild>
  </ItemGroup>
  <ItemGroup>
    <Filter Include="CMake Rules">
      <UniqueIdentifier>{E91BDF7D-54E4-4B6F-B04D-063E6F928ACC}</UniqueIdentifier>
    </Filter>
  </ItemGroup>
</Project>
